// !$*UTF8*$!
{
	archiveVersion = 1;
	classes = {
	};
	objectVersion = 46;
	objects = {

/* Begin PBXBuildFile section */
		324066BB100A38B60004B1A5 /* NSString+URLEscapingMethods.m in Sources */ = {isa = PBXBuildFile; fileRef = 324066BA100A38B60004B1A5 /* NSString+URLEscapingMethods.m */; };
		325B5CFF0F89306600E9CE97 /* AmazonView.xib in Resources */ = {isa = PBXBuildFile; fileRef = 325B5CFD0F89306600E9CE97 /* AmazonView.xib */; };
		325B5DEF0F895B6300E9CE97 /* AmazonItem.m in Sources */ = {isa = PBXBuildFile; fileRef = 3253B4C90F81D7FE00A0EADF /* AmazonItem.m */; };
		325E2D5A0F85CF87001E7495 /* IncreaseThumbnailSize.png in Resources */ = {isa = PBXBuildFile; fileRef = 325E2D580F85CF87001E7495 /* IncreaseThumbnailSize.png */; };
		325E2D5B0F85CF87001E7495 /* DecreaseThumbnailSize.png in Resources */ = {isa = PBXBuildFile; fileRef = 325E2D590F85CF87001E7495 /* DecreaseThumbnailSize.png */; };
		328AB3270F8085EF001F1C78 /* MetadataSourceInterface.framework in Frameworks */ = {isa = PBXBuildFile; fileRef = 328AB2E50F808396001F1C78 /* MetadataSourceInterface.framework */; };
		328AB3680F808AED001F1C78 /* Quartz.framework in Frameworks */ = {isa = PBXBuildFile; fileRef = 328AB3670F808AED001F1C78 /* Quartz.framework */; };
		328AB4450F808F23001F1C78 /* QuartzCore.framework in Frameworks */ = {isa = PBXBuildFile; fileRef = 328AB4440F808F23001F1C78 /* QuartzCore.framework */; };
		328DE6630E5FDB8000F5BD13 /* AmazonInterface.m in Sources */ = {isa = PBXBuildFile; fileRef = 328DE6600E5FDB8000F5BD13 /* AmazonInterface.m */; };
		32AC71260E7191DF009A5E1B /* AmazonViewController.m in Sources */ = {isa = PBXBuildFile; fileRef = 32AC71250E7191DF009A5E1B /* AmazonViewController.m */; };
		8D5B49B0048680CD000E48DA /* InfoPlist.strings in Resources */ = {isa = PBXBuildFile; fileRef = 089C167DFE841241C02AAC07 /* InfoPlist.strings */; };
		8D5B49B4048680CD000E48DA /* Cocoa.framework in Frameworks */ = {isa = PBXBuildFile; fileRef = 1058C7ADFEA557BF11CA2CBB /* Cocoa.framework */; };
/* End PBXBuildFile section */

/* Begin PBXContainerItemProxy section */
		328AB2E40F808396001F1C78 /* PBXContainerItemProxy */ = {
			isa = PBXContainerItemProxy;
			containerPortal = 328AB2E00F808396001F1C78 /* MetadataSourceInterface.xcodeproj */;
			proxyType = 2;
			remoteGlobalIDString = 8DC2EF5B0486A6940098B216;
			remoteInfo = MetadataSourceInterface;
		};
/* End PBXContainerItemProxy section */

/* Begin PBXCopyFilesBuildPhase section */
		328DE3AF0E5F8F5500F5BD13 /* Copy Frameworks */ = {
			isa = PBXCopyFilesBuildPhase;
			buildActionMask = 2147483647;
			dstPath = "";
			dstSubfolderSpec = 10;
			files = (
			);
			name = "Copy Frameworks";
			runOnlyForDeploymentPostprocessing = 0;
		};
/* End PBXCopyFilesBuildPhase section */

/* Begin PBXFileReference section */
		089C1672FE841209C02AAC07 /* Foundation.framework */ = {isa = PBXFileReference; lastKnownFileType = wrapper.framework; name = Foundation.framework; path = /System/Library/Frameworks/Foundation.framework; sourceTree = "<absolute>"; };
		089C167EFE841241C02AAC07 /* English */ = {isa = PBXFileReference; fileEncoding = 10; lastKnownFileType = text.plist.strings; name = English; path = English.lproj/InfoPlist.strings; sourceTree = "<group>"; };
		089C167FFE841241C02AAC07 /* AppKit.framework */ = {isa = PBXFileReference; lastKnownFileType = wrapper.framework; name = AppKit.framework; path = /System/Library/Frameworks/AppKit.framework; sourceTree = "<absolute>"; };
		1058C7ADFEA557BF11CA2CBB /* Cocoa.framework */ = {isa = PBXFileReference; lastKnownFileType = wrapper.framework; name = Cocoa.framework; path = /System/Library/Frameworks/Cocoa.framework; sourceTree = "<absolute>"; };
		320096E7105D8F350055BE17 /* Base.xcconfig */ = {isa = PBXFileReference; fileEncoding = 4; lastKnownFileType = text.xcconfig; name = Base.xcconfig; path = ../../Configs/Base.xcconfig; sourceTree = SOURCE_ROOT; };
		320096E8105D8F350055BE17 /* Debug.xcconfig */ = {isa = PBXFileReference; fileEncoding = 4; lastKnownFileType = text.xcconfig; name = Debug.xcconfig; path = ../../Configs/Debug.xcconfig; sourceTree = SOURCE_ROOT; };
		320096E9105D8F350055BE17 /* Release.xcconfig */ = {isa = PBXFileReference; fileEncoding = 4; lastKnownFileType = text.xcconfig; name = Release.xcconfig; path = ../../Configs/Release.xcconfig; sourceTree = SOURCE_ROOT; };
		324066B9100A38B60004B1A5 /* NSString+URLEscapingMethods.h */ = {isa = PBXFileReference; fileEncoding = 4; lastKnownFileType = sourcecode.c.h; path = "NSString+URLEscapingMethods.h"; sourceTree = "<group>"; };
		324066BA100A38B60004B1A5 /* NSString+URLEscapingMethods.m */ = {isa = PBXFileReference; fileEncoding = 4; lastKnownFileType = sourcecode.c.objc; path = "NSString+URLEscapingMethods.m"; sourceTree = "<group>"; };
		3253B4C80F81D7FE00A0EADF /* AmazonItem.h */ = {isa = PBXFileReference; fileEncoding = 4; lastKnownFileType = sourcecode.c.h; path = AmazonItem.h; sourceTree = "<group>"; };
		3253B4C90F81D7FE00A0EADF /* AmazonItem.m */ = {isa = PBXFileReference; fileEncoding = 4; lastKnownFileType = sourcecode.c.objc; path = AmazonItem.m; sourceTree = "<group>"; };
		325B5CFE0F89306600E9CE97 /* English */ = {isa = PBXFileReference; lastKnownFileType = file.xib; name = English; path = English.lproj/AmazonView.xib; sourceTree = "<group>"; };
		325E2D580F85CF87001E7495 /* IncreaseThumbnailSize.png */ = {isa = PBXFileReference; lastKnownFileType = image.png; path = IncreaseThumbnailSize.png; sourceTree = "<group>"; };
		325E2D590F85CF87001E7495 /* DecreaseThumbnailSize.png */ = {isa = PBXFileReference; lastKnownFileType = image.png; path = DecreaseThumbnailSize.png; sourceTree = "<group>"; };
		328AB2E00F808396001F1C78 /* MetadataSourceInterface.xcodeproj */ = {isa = PBXFileReference; lastKnownFileType = "wrapper.pb-project"; name = MetadataSourceInterface.xcodeproj; path = ../MetadataSourceInterface/MetadataSourceInterface.xcodeproj; sourceTree = SOURCE_ROOT; };
		328AB3670F808AED001F1C78 /* Quartz.framework */ = {isa = PBXFileReference; lastKnownFileType = wrapper.framework; name = Quartz.framework; path = System/Library/Frameworks/Quartz.framework; sourceTree = SDKROOT; };
		328AB4440F808F23001F1C78 /* QuartzCore.framework */ = {isa = PBXFileReference; lastKnownFileType = wrapper.framework; name = QuartzCore.framework; path = System/Library/Frameworks/QuartzCore.framework; sourceTree = SDKROOT; };
		328DE65F0E5FDB8000F5BD13 /* AmazonInterface.h */ = {isa = PBXFileReference; fileEncoding = 4; lastKnownFileType = sourcecode.c.h; path = AmazonInterface.h; sourceTree = "<group>"; };
		328DE6600E5FDB8000F5BD13 /* AmazonInterface.m */ = {isa = PBXFileReference; fileEncoding = 4; lastKnownFileType = sourcecode.c.objc; path = AmazonInterface.m; sourceTree = "<group>"; };
		32A5FB660FA5657C009AD850 /* Amazon_Prefix.pch */ = {isa = PBXFileReference; fileEncoding = 4; lastKnownFileType = sourcecode.c.h; path = Amazon_Prefix.pch; sourceTree = "<group>"; };
		32AC71240E7191DF009A5E1B /* AmazonViewController.h */ = {isa = PBXFileReference; fileEncoding = 4; lastKnownFileType = sourcecode.c.h; path = AmazonViewController.h; sourceTree = "<group>"; };
		32AC71250E7191DF009A5E1B /* AmazonViewController.m */ = {isa = PBXFileReference; fileEncoding = 4; lastKnownFileType = sourcecode.c.objc; path = AmazonViewController.m; sourceTree = "<group>"; };
		8D5B49B6048680CD000E48DA /* Amazon.bundle */ = {isa = PBXFileReference; explicitFileType = wrapper.cfbundle; includeInIndex = 0; path = Amazon.bundle; sourceTree = BUILT_PRODUCTS_DIR; };
		8D5B49B7048680CD000E48DA /* Info.plist */ = {isa = PBXFileReference; fileEncoding = 4; lastKnownFileType = text.plist.xml; path = Info.plist; sourceTree = "<group>"; };
		D2F7E65807B2D6F200F64583 /* CoreData.framework */ = {isa = PBXFileReference; lastKnownFileType = wrapper.framework; name = CoreData.framework; path = /System/Library/Frameworks/CoreData.framework; sourceTree = "<absolute>"; };
/* End PBXFileReference section */

/* Begin PBXFrameworksBuildPhase section */
		8D5B49B3048680CD000E48DA /* Frameworks */ = {
			isa = PBXFrameworksBuildPhase;
			buildActionMask = 2147483647;
			files = (
				8D5B49B4048680CD000E48DA /* Cocoa.framework in Frameworks */,
				328AB3270F8085EF001F1C78 /* MetadataSourceInterface.framework in Frameworks */,
				328AB3680F808AED001F1C78 /* Quartz.framework in Frameworks */,
				328AB4450F808F23001F1C78 /* QuartzCore.framework in Frameworks */,
			);
			runOnlyForDeploymentPostprocessing = 0;
		};
/* End PBXFrameworksBuildPhase section */

/* Begin PBXGroup section */
		089C166AFE841209C02AAC07 /* MusicBrainz */ = {
			isa = PBXGroup;
			children = (
				08FB77AFFE84173DC02AAC07 /* Classes */,
				32C88E010371C26100C91783 /* Other Sources */,
				089C167CFE841241C02AAC07 /* Resources */,
				320096E6105D8F2D0055BE17 /* Configs */,
				089C1671FE841209C02AAC07 /* Frameworks and Libraries */,
				19C28FB8FE9D52D311CA2CBB /* Products */,
			);
			name = MusicBrainz;
			sourceTree = "<group>";
		};
		089C1671FE841209C02AAC07 /* Frameworks and Libraries */ = {
			isa = PBXGroup;
			children = (
				1058C7ACFEA557BF11CA2CBB /* Linked Frameworks */,
				1058C7AEFEA557BF11CA2CBB /* Other Frameworks */,
			);
			name = "Frameworks and Libraries";
			sourceTree = "<group>";
		};
		089C167CFE841241C02AAC07 /* Resources */ = {
			isa = PBXGroup;
			children = (
				325B5CFD0F89306600E9CE97 /* AmazonView.xib */,
				325E2D580F85CF87001E7495 /* IncreaseThumbnailSize.png */,
				325E2D590F85CF87001E7495 /* DecreaseThumbnailSize.png */,
				8D5B49B7048680CD000E48DA /* Info.plist */,
				089C167DFE841241C02AAC07 /* InfoPlist.strings */,
			);
			name = Resources;
			sourceTree = "<group>";
		};
		08FB77AFFE84173DC02AAC07 /* Classes */ = {
			isa = PBXGroup;
			children = (
				328DE65F0E5FDB8000F5BD13 /* AmazonInterface.h */,
				328DE6600E5FDB8000F5BD13 /* AmazonInterface.m */,
				32AC71240E7191DF009A5E1B /* AmazonViewController.h */,
				32AC71250E7191DF009A5E1B /* AmazonViewController.m */,
				3253B4C80F81D7FE00A0EADF /* AmazonItem.h */,
				3253B4C90F81D7FE00A0EADF /* AmazonItem.m */,
				324066B9100A38B60004B1A5 /* NSString+URLEscapingMethods.h */,
				324066BA100A38B60004B1A5 /* NSString+URLEscapingMethods.m */,
			);
			name = Classes;
			sourceTree = "<group>";
		};
		1058C7ACFEA557BF11CA2CBB /* Linked Frameworks */ = {
			isa = PBXGroup;
			children = (
				328AB4440F808F23001F1C78 /* QuartzCore.framework */,
				328AB3670F808AED001F1C78 /* Quartz.framework */,
				1058C7ADFEA557BF11CA2CBB /* Cocoa.framework */,
			);
			name = "Linked Frameworks";
			sourceTree = "<group>";
		};
		1058C7AEFEA557BF11CA2CBB /* Other Frameworks */ = {
			isa = PBXGroup;
			children = (
				089C167FFE841241C02AAC07 /* AppKit.framework */,
				D2F7E65807B2D6F200F64583 /* CoreData.framework */,
				089C1672FE841209C02AAC07 /* Foundation.framework */,
			);
			name = "Other Frameworks";
			sourceTree = "<group>";
		};
		19C28FB8FE9D52D311CA2CBB /* Products */ = {
			isa = PBXGroup;
			children = (
				8D5B49B6048680CD000E48DA /* Amazon.bundle */,
			);
			name = Products;
			sourceTree = "<group>";
		};
		320096E6105D8F2D0055BE17 /* Configs */ = {
			isa = PBXGroup;
			children = (
				320096E7105D8F350055BE17 /* Base.xcconfig */,
				320096E8105D8F350055BE17 /* Debug.xcconfig */,
				320096E9105D8F350055BE17 /* Release.xcconfig */,
			);
			name = Configs;
			sourceTree = "<group>";
		};
		328AB2E10F808396001F1C78 /* Products */ = {
			isa = PBXGroup;
			children = (
				328AB2E50F808396001F1C78 /* MetadataSourceInterface.framework */,
			);
			name = Products;
			sourceTree = "<group>";
		};
		32C88E010371C26100C91783 /* Other Sources */ = {
			isa = PBXGroup;
			children = (
				32A5FB660FA5657C009AD850 /* Amazon_Prefix.pch */,
				328AB2E00F808396001F1C78 /* MetadataSourceInterface.xcodeproj */,
			);
			name = "Other Sources";
			sourceTree = "<group>";
		};
/* End PBXGroup section */

/* Begin PBXNativeTarget section */
		8D5B49AC048680CD000E48DA /* Amazon */ = {
			isa = PBXNativeTarget;
			buildConfigurationList = 1DEB913A08733D840010E9CD /* Build configuration list for PBXNativeTarget "Amazon" */;
			buildPhases = (
				8D5B49AF048680CD000E48DA /* Resources */,
				8D5B49B1048680CD000E48DA /* Sources */,
				8D5B49B3048680CD000E48DA /* Frameworks */,
				328DE3AF0E5F8F5500F5BD13 /* Copy Frameworks */,
			);
			buildRules = (
			);
			dependencies = (
			);
			name = Amazon;
			productInstallPath = "$(HOME)/Library/Bundles";
			productName = MusicBrainz;
			productReference = 8D5B49B6048680CD000E48DA /* Amazon.bundle */;
			productType = "com.apple.product-type.bundle";
		};
/* End PBXNativeTarget section */

/* Begin PBXProject section */
		089C1669FE841209C02AAC07 /* Project object */ = {
			isa = PBXProject;
			attributes = {
				ORGANIZATIONNAME = sbooth.org;
			};
			buildConfigurationList = 1DEB913E08733D840010E9CD /* Build configuration list for PBXProject "Amazon" */;
			compatibilityVersion = "Xcode 3.2";
			hasScannedForEncodings = 1;
			mainGroup = 089C166AFE841209C02AAC07 /* MusicBrainz */;
			projectDirPath = "";
			projectReferences = (
				{
					ProductGroup = 328AB2E10F808396001F1C78 /* Products */;
					ProjectRef = 328AB2E00F808396001F1C78 /* MetadataSourceInterface.xcodeproj */;
				},
			);
			projectRoot = "";
			targets = (
				8D5B49AC048680CD000E48DA /* Amazon */,
			);
		};
/* End PBXProject section */

/* Begin PBXReferenceProxy section */
		328AB2E50F808396001F1C78 /* MetadataSourceInterface.framework */ = {
			isa = PBXReferenceProxy;
			fileType = wrapper.framework;
			path = MetadataSourceInterface.framework;
			remoteRef = 328AB2E40F808396001F1C78 /* PBXContainerItemProxy */;
			sourceTree = BUILT_PRODUCTS_DIR;
		};
/* End PBXReferenceProxy section */

/* Begin PBXResourcesBuildPhase section */
		8D5B49AF048680CD000E48DA /* Resources */ = {
			isa = PBXResourcesBuildPhase;
			buildActionMask = 2147483647;
			files = (
				8D5B49B0048680CD000E48DA /* InfoPlist.strings in Resources */,
				325E2D5A0F85CF87001E7495 /* IncreaseThumbnailSize.png in Resources */,
				325E2D5B0F85CF87001E7495 /* DecreaseThumbnailSize.png in Resources */,
				325B5CFF0F89306600E9CE97 /* AmazonView.xib in Resources */,
			);
			runOnlyForDeploymentPostprocessing = 0;
		};
/* End PBXResourcesBuildPhase section */

/* Begin PBXSourcesBuildPhase section */
		8D5B49B1048680CD000E48DA /* Sources */ = {
			isa = PBXSourcesBuildPhase;
			buildActionMask = 2147483647;
			files = (
				328DE6630E5FDB8000F5BD13 /* AmazonInterface.m in Sources */,
				32AC71260E7191DF009A5E1B /* AmazonViewController.m in Sources */,
				325B5DEF0F895B6300E9CE97 /* AmazonItem.m in Sources */,
				324066BB100A38B60004B1A5 /* NSString+URLEscapingMethods.m in Sources */,
			);
			runOnlyForDeploymentPostprocessing = 0;
		};
/* End PBXSourcesBuildPhase section */

/* Begin PBXVariantGroup section */
		089C167DFE841241C02AAC07 /* InfoPlist.strings */ = {
			isa = PBXVariantGroup;
			children = (
				089C167EFE841241C02AAC07 /* English */,
			);
			name = InfoPlist.strings;
			sourceTree = "<group>";
		};
		325B5CFD0F89306600E9CE97 /* AmazonView.xib */ = {
			isa = PBXVariantGroup;
			children = (
				325B5CFE0F89306600E9CE97 /* English */,
			);
			name = AmazonView.xib;
			sourceTree = "<group>";
		};
/* End PBXVariantGroup section */

/* Begin XCBuildConfiguration section */
		1DEB913B08733D840010E9CD /* Debug */ = {
			isa = XCBuildConfiguration;
			baseConfigurationReference = 320096E8105D8F350055BE17 /* Debug.xcconfig */;
			buildSettings = {
				FRAMEWORK_SEARCH_PATHS = (
					"$(inherited)",
					"\"$(SRCROOT)/../../Frameworks\"",
				);
				GCC_PRECOMPILE_PREFIX_HEADER = YES;
				GCC_PREFIX_HEADER = Amazon_Prefix.pch;
				INFOPLIST_FILE = Info.plist;
				INSTALL_PATH = "@executable_path/../PlugIns";
				PRODUCT_NAME = Amazon;
				WRAPPER_EXTENSION = bundle;
			};
			name = Debug;
		};
		1DEB913C08733D840010E9CD /* Release */ = {
			isa = XCBuildConfiguration;
			baseConfigurationReference = 320096E9105D8F350055BE17 /* Release.xcconfig */;
			buildSettings = {
				FRAMEWORK_SEARCH_PATHS = (
					"$(inherited)",
					"\"$(SRCROOT)/../../Frameworks\"",
				);
				GCC_PRECOMPILE_PREFIX_HEADER = YES;
				GCC_PREFIX_HEADER = Amazon_Prefix.pch;
				INFOPLIST_FILE = Info.plist;
				INSTALL_PATH = "@executable_path/../PlugIns";
				PRODUCT_NAME = Amazon;
				WRAPPER_EXTENSION = bundle;
			};
			name = Release;
		};
		1DEB913F08733D840010E9CD /* Debug */ = {
			isa = XCBuildConfiguration;
			buildSettings = {
				SYMROOT = ../../build;
			};
			name = Debug;
		};
		1DEB914008733D840010E9CD /* Release */ = {
			isa = XCBuildConfiguration;
			buildSettings = {
				SYMROOT = ../../build;
			};
			name = Release;
		};
/* End XCBuildConfiguration section */

/* Begin XCConfigurationList section */
		1DEB913A08733D840010E9CD /* Build configuration list for PBXNativeTarget "Amazon" */ = {
			isa = XCConfigurationList;
			buildConfigurations = (
				1DEB913B08733D840010E9CD /* Debug */,
				1DEB913C08733D840010E9CD /* Release */,
			);
			defaultConfigurationIsVisible = 0;
			defaultConfigurationName = Release;
		};
		1DEB913E08733D840010E9CD /* Build configuration list for PBXProject "Amazon" */ = {
			isa = XCConfigurationList;
			buildConfigurations = (
				1DEB913F08733D840010E9CD /* Debug */,
				1DEB914008733D840010E9CD /* Release */,
			);
			defaultConfigurationIsVisible = 0;
			defaultConfigurationName = Release;
		};
/* End XCConfigurationList section */
	};
	rootObject = 089C1669FE841209C02AAC07 /* Project object */;
}
