// !$*UTF8*$!
{
	archiveVersion = 1;
	classes = {
	};
	objectVersion = 44;
	objects = {

/* Begin PBXBuildFile section */
		8C1BBC650D43DF0D00DAC484 /* GenreUtilities.m in Sources */ = {isa = PBXBuildFile; fileRef = 8C1BBC640D43DF0D00DAC484 /* GenreUtilities.m */; };
		8C34BB0B0D761A99003F2953 /* ApplicationDelegate.m in Sources */ = {isa = PBXBuildFile; fileRef = 8C34BB0A0D761A99003F2953 /* ApplicationDelegate.m */; };
		8C34BB0E0D761AB7003F2953 /* PlugInManager.m in Sources */ = {isa = PBXBuildFile; fileRef = 8C34BB0D0D761AB7003F2953 /* PlugInManager.m */; };
		8C3C19470D73EA12001BAC88 /* EncoderInterface.framework in Frameworks */ = {isa = PBXBuildFile; fileRef = 8C3C19460D73EA0B001BAC88 /* EncoderInterface.framework */; };
		8C3C194A0D73EA35001BAC88 /* EncoderInterface.framework in Copy Embedded Frameworks */ = {isa = PBXBuildFile; fileRef = 8C3C19460D73EA0B001BAC88 /* EncoderInterface.framework */; };
		8C3C19880D73EBFB001BAC88 /* CoreAudio.bundle in Resources */ = {isa = PBXBuildFile; fileRef = 8C3C19870D73EBF4001BAC88 /* CoreAudio.bundle */; };
		8C3C198B0D73EC1E001BAC88 /* CoreAudio.bundle in Copy PlugIns */ = {isa = PBXBuildFile; fileRef = 8C3C19870D73EBF4001BAC88 /* CoreAudio.bundle */; };
		8C3EF7690CFE663A0086181E /* IOKit.framework in Frameworks */ = {isa = PBXBuildFile; fileRef = 8C3EF7680CFE663A0086181E /* IOKit.framework */; };
		8C3EFC640D0357D10086181E /* TrackInspectorPanel.xib in Resources */ = {isa = PBXBuildFile; fileRef = 8C3EFC620D0357D10086181E /* TrackInspectorPanel.xib */; };
		8C4C8AE70D5BCADA00DC0279 /* KBPopUpToolbarItem.m in Sources */ = {isa = PBXBuildFile; fileRef = 8C4C8A630D5A85E500DC0279 /* KBPopUpToolbarItem.m */; };
		8C4C8B750D5C1DA700DC0279 /* ByteSizeValueTransformer.m in Sources */ = {isa = PBXBuildFile; fileRef = 8C4C8B740D5C1DA700DC0279 /* ByteSizeValueTransformer.m */; };
		8C4C8B820D5C1DE600DC0279 /* AlbumMetadata.m in Sources */ = {isa = PBXBuildFile; fileRef = 8C4C8B770D5C1DE600DC0279 /* AlbumMetadata.m */; };
		8C4C8B830D5C1DE600DC0279 /* CompactDisc.m in Sources */ = {isa = PBXBuildFile; fileRef = 8C4C8B790D5C1DE600DC0279 /* CompactDisc.m */; };
		8C4C8B840D5C1DE600DC0279 /* SectorRange.m in Sources */ = {isa = PBXBuildFile; fileRef = 8C4C8B7B0D5C1DE600DC0279 /* SectorRange.m */; };
		8C4C8B850D5C1DE600DC0279 /* SessionDescriptor.m in Sources */ = {isa = PBXBuildFile; fileRef = 8C4C8B7D0D5C1DE600DC0279 /* SessionDescriptor.m */; };
		8C4C8B860D5C1DE600DC0279 /* TrackDescriptor.m in Sources */ = {isa = PBXBuildFile; fileRef = 8C4C8B7F0D5C1DE600DC0279 /* TrackDescriptor.m */; };
		8C4C8B870D5C1DE600DC0279 /* TrackMetadata.m in Sources */ = {isa = PBXBuildFile; fileRef = 8C4C8B810D5C1DE600DC0279 /* TrackMetadata.m */; };
		8C4C8B900D5C1DF300DC0279 /* ByteSizeFormatter.m in Sources */ = {isa = PBXBuildFile; fileRef = 8C4C8B890D5C1DF300DC0279 /* ByteSizeFormatter.m */; };
		8C4C8B910D5C1DF300DC0279 /* CDMSFFormatter.m in Sources */ = {isa = PBXBuildFile; fileRef = 8C4C8B8B0D5C1DF300DC0279 /* CDMSFFormatter.m */; };
		8C4C8B920D5C1DF300DC0279 /* DurationFormatter.m in Sources */ = {isa = PBXBuildFile; fileRef = 8C4C8B8D0D5C1DF300DC0279 /* DurationFormatter.m */; };
		8C4C8B930D5C1DF300DC0279 /* YesNoFormatter.m in Sources */ = {isa = PBXBuildFile; fileRef = 8C4C8B8F0D5C1DF300DC0279 /* YesNoFormatter.m */; };
		8C4C8BA10D5C1E0800DC0279 /* CDDAUtilities.m in Sources */ = {isa = PBXBuildFile; fileRef = 8C4C8B970D5C1E0800DC0279 /* CDDAUtilities.m */; };
		8C4C8BA30D5C1E0800DC0279 /* ExternalCodecEncodeOperation.m in Sources */ = {isa = PBXBuildFile; fileRef = 8C4C8B9B0D5C1E0800DC0279 /* ExternalCodecEncodeOperation.m */; };
		8C4C8BA50D5C1E0800DC0279 /* PreGapDetectionOperation.m in Sources */ = {isa = PBXBuildFile; fileRef = 8C4C8B9F0D5C1E0800DC0279 /* PreGapDetectionOperation.m */; };
		8C4C8BAA0D5C1E1D00DC0279 /* DriveInspectorPanelController.m in Sources */ = {isa = PBXBuildFile; fileRef = 8C4C8BA70D5C1E1D00DC0279 /* DriveInspectorPanelController.m */; };
		8C4C8BAB0D5C1E1D00DC0279 /* TrackInspectorPanelController.m in Sources */ = {isa = PBXBuildFile; fileRef = 8C4C8BA90D5C1E1D00DC0279 /* TrackInspectorPanelController.m */; };
		8C4C8BBE0D5C1E6600DC0279 /* Green Light.tiff in Resources */ = {isa = PBXBuildFile; fileRef = 8C4C8BBB0D5C1E6600DC0279 /* Green Light.tiff */; };
		8C4C8BBF0D5C1E6600DC0279 /* Red Light.tiff in Resources */ = {isa = PBXBuildFile; fileRef = 8C4C8BBC0D5C1E6600DC0279 /* Red Light.tiff */; };
		8C4C8BC00D5C1E6600DC0279 /* Yellow Light.tiff in Resources */ = {isa = PBXBuildFile; fileRef = 8C4C8BBD0D5C1E6600DC0279 /* Yellow Light.tiff */; };
		8C4C8BC40D5C1EA300DC0279 /* DurationValueTransformer.m in Sources */ = {isa = PBXBuildFile; fileRef = 8C4C8BC30D5C1EA300DC0279 /* DurationValueTransformer.m */; };
		8C4C8CB90D5D1A3100DC0279 /* AccurateRipDiscRecord.m in Sources */ = {isa = PBXBuildFile; fileRef = 8C4C8CB20D5D1A3100DC0279 /* AccurateRipDiscRecord.m */; };
		8C4C8CBA0D5D1A3100DC0279 /* AccurateRipQueryOperation.m in Sources */ = {isa = PBXBuildFile; fileRef = 8C4C8CB40D5D1A3100DC0279 /* AccurateRipQueryOperation.m */; };
		8C4C8CBB0D5D1A3100DC0279 /* AccurateRipTrackRecord.m in Sources */ = {isa = PBXBuildFile; fileRef = 8C4C8CB60D5D1A3100DC0279 /* AccurateRipTrackRecord.m */; };
		8C4C8CBC0D5D1A3100DC0279 /* AccurateRipUtilities.m in Sources */ = {isa = PBXBuildFile; fileRef = 8C4C8CB80D5D1A3100DC0279 /* AccurateRipUtilities.m */; };
		8C4C8CCF0D5D66A800DC0279 /* MusicDatabaseQueryOperation.m in Sources */ = {isa = PBXBuildFile; fileRef = 8C4C8CCE0D5D66A800DC0279 /* MusicDatabaseQueryOperation.m */; };
		8C4C8CD80D5D673800DC0279 /* FreeDBQueryOperation.m in Sources */ = {isa = PBXBuildFile; fileRef = 8C4C8CD30D5D673800DC0279 /* FreeDBQueryOperation.m */; };
		8C4C8CD90D5D673800DC0279 /* iTunesQueryOperation.m in Sources */ = {isa = PBXBuildFile; fileRef = 8C4C8CD50D5D673800DC0279 /* iTunesQueryOperation.m */; };
		8C4C8CDA0D5D673800DC0279 /* MusicBrainzQueryOperation.mm in Sources */ = {isa = PBXBuildFile; fileRef = 8C4C8CD70D5D673800DC0279 /* MusicBrainzQueryOperation.mm */; };
		8C4C8CEF0D5D699C00DC0279 /* MusicDatabaseMatchesSheetController.m in Sources */ = {isa = PBXBuildFile; fileRef = 8C4C8CEE0D5D699C00DC0279 /* MusicDatabaseMatchesSheetController.m */; };
		8C4C8E020D5E2A0600DC0279 /* BitArray.m in Sources */ = {isa = PBXBuildFile; fileRef = 8C4C8DFF0D5E2A0600DC0279 /* BitArray.m */; };
		8C4C8E030D5E2A0600DC0279 /* ExtractionOperation.m in Sources */ = {isa = PBXBuildFile; fileRef = 8C4C8E010D5E2A0600DC0279 /* ExtractionOperation.m */; };
		8C4C8E080D5E2ADB00DC0279 /* ExtractionRecord.m in Sources */ = {isa = PBXBuildFile; fileRef = 8C4C8E070D5E2ADB00DC0279 /* ExtractionRecord.m */; };
		8C4C8E0C0D5E2BB900DC0279 /* ExtractedTrackRecord.m in Sources */ = {isa = PBXBuildFile; fileRef = 8C4C8E0B0D5E2BB900DC0279 /* ExtractedTrackRecord.m */; };
		8C7D314A0D05235200CEEE44 /* DriveInspectorPanel.xib in Resources */ = {isa = PBXBuildFile; fileRef = 8C7D31480D05235200CEEE44 /* DriveInspectorPanel.xib */; };
		8C807ABF0D3F069300B48E7A /* Rip.xcdatamodel in Sources */ = {isa = PBXBuildFile; fileRef = 8C807ABE0D3F069300B48E7A /* Rip.xcdatamodel */; };
		8C8502D80D2C282A0081DB75 /* CoreData.framework in Frameworks */ = {isa = PBXBuildFile; fileRef = 13E42FBA07B3F13500E4EEF1 /* CoreData.framework */; };
		8C8EFBA50D6E7AC1009E9299 /* ISRCDetectionOperation.m in Sources */ = {isa = PBXBuildFile; fileRef = 8C8EFBA40D6E7AC1009E9299 /* ISRCDetectionOperation.m */; };
		8C8EFBCA0D6E7C21009E9299 /* MCNDetectionOperation.m in Sources */ = {isa = PBXBuildFile; fileRef = 8C8EFBC90D6E7C21009E9299 /* MCNDetectionOperation.m */; };
		8C8EFC400D706471009E9299 /* AlbumArtwork.m in Sources */ = {isa = PBXBuildFile; fileRef = 8C8EFC3F0D706471009E9299 /* AlbumArtwork.m */; };
		8C92D1FE0D5821F4004521F4 /* ScriptingBridge.framework in Frameworks */ = {isa = PBXBuildFile; fileRef = 8C92D1FD0D5821F4004521F4 /* ScriptingBridge.framework */; };
		8C9817100CF7C6AB00F45B7F /* MainMenu.xib in Resources */ = {isa = PBXBuildFile; fileRef = 8C98170C0CF7C6AB00F45B7F /* MainMenu.xib */; };
		8CA35D670D2E7AEA00F89E3B /* cddb.framework in Frameworks */ = {isa = PBXBuildFile; fileRef = 8CA35D660D2E7AEA00F89E3B /* cddb.framework */; };
		8CA35D6C0D2E7B1A00F89E3B /* cddb.framework in Copy Embedded Frameworks */ = {isa = PBXBuildFile; fileRef = 8CA35D660D2E7AEA00F89E3B /* cddb.framework */; };
		8CA35EDF0D2F0AA100F89E3B /* MusicDatabaseMatchesSheet.xib in Resources */ = {isa = PBXBuildFile; fileRef = 8CA35EDD0D2F0AA100F89E3B /* MusicDatabaseMatchesSheet.xib */; };
		8CA35F920D2F42A800F89E3B /* discid.framework in Frameworks */ = {isa = PBXBuildFile; fileRef = 8CA35F910D2F42A800F89E3B /* discid.framework */; };
		8CA35F950D2F42B300F89E3B /* discid.framework in Copy Embedded Frameworks */ = {isa = PBXBuildFile; fileRef = 8CA35F910D2F42A800F89E3B /* discid.framework */; };
		8CA361930D2F68A700F89E3B /* neon.framework in Frameworks */ = {isa = PBXBuildFile; fileRef = 8CA361920D2F68A700F89E3B /* neon.framework */; };
		8CA361940D2F68AE00F89E3B /* neon.framework in Copy Embedded Frameworks */ = {isa = PBXBuildFile; fileRef = 8CA361920D2F68A700F89E3B /* neon.framework */; };
		8CA361D80D2F6DD500F89E3B /* musicbrainz3.framework in Frameworks */ = {isa = PBXBuildFile; fileRef = 8CA361D70D2F6DD500F89E3B /* musicbrainz3.framework */; };
		8CA361DB0D2F6DDF00F89E3B /* musicbrainz3.framework in Copy Embedded Frameworks */ = {isa = PBXBuildFile; fileRef = 8CA361D70D2F6DD500F89E3B /* musicbrainz3.framework */; };
		8CA8BAAF0D304F9B006B4779 /* CompactDiscWindowController.m in Sources */ = {isa = PBXBuildFile; fileRef = 8CA8BAAE0D304F9B006B4779 /* CompactDiscWindowController.m */; };
		8CA8BAB80D30503C006B4779 /* CompactDisc.xib in Resources */ = {isa = PBXBuildFile; fileRef = 8CA8BAB60D30503C006B4779 /* CompactDisc.xib */; };
		8CB2094E0D0507F5003A90A6 /* Drive.m in Sources */ = {isa = PBXBuildFile; fileRef = 8CB2094D0D0507F5003A90A6 /* Drive.m */; };
		8CB209750D050EE9003A90A6 /* DriveInformation.m in Sources */ = {isa = PBXBuildFile; fileRef = 8CB209740D050EE9003A90A6 /* DriveInformation.m */; };
		8CB2A6B70D2C15530028332F /* AquaticPrime.m in Sources */ = {isa = PBXBuildFile; fileRef = 8CB2A67D0D2B045E0028332F /* AquaticPrime.m */; };
		8CD9C1FE0D0F6C4E00C974C9 /* AudioToolbox.framework in Frameworks */ = {isa = PBXBuildFile; fileRef = 8CD9C1FD0D0F6C4E00C974C9 /* AudioToolbox.framework */; };
		8CDBEE6D0CFA0A4A000EC553 /* DiskArbitration.framework in Frameworks */ = {isa = PBXBuildFile; fileRef = 8CDBEE6C0CFA0A4A000EC553 /* DiskArbitration.framework */; };
		8CF322070D1883E1005657A6 /* ExtractionConfigurationSheetController.m in Sources */ = {isa = PBXBuildFile; fileRef = 8CF322060D1883E1005657A6 /* ExtractionConfigurationSheetController.m */; };
		8CF322110D18842B005657A6 /* ExtractionConfigurationSheet.xib in Resources */ = {isa = PBXBuildFile; fileRef = 8CF3220F0D18842B005657A6 /* ExtractionConfigurationSheet.xib */; };
		8D15AC2C0486D014006FF6A4 /* Credits.rtf in Resources */ = {isa = PBXBuildFile; fileRef = 2A37F4B9FDCFA73011CA2CEA /* Credits.rtf */; };
		8D15AC2F0486D014006FF6A4 /* InfoPlist.strings in Resources */ = {isa = PBXBuildFile; fileRef = 089C165FFE840EACC02AAC07 /* InfoPlist.strings */; };
		8D15AC320486D014006FF6A4 /* main.m in Sources */ = {isa = PBXBuildFile; fileRef = 2A37F4B0FDCFA73011CA2CEA /* main.m */; settings = {ATTRIBUTES = (); }; };
		8D15AC340486D014006FF6A4 /* Cocoa.framework in Frameworks */ = {isa = PBXBuildFile; fileRef = 1058C7A7FEA54F5311CA2CBB /* Cocoa.framework */; };
/* End PBXBuildFile section */

/* Begin PBXContainerItemProxy section */
		8C3C19450D73EA0B001BAC88 /* PBXContainerItemProxy */ = {
			isa = PBXContainerItemProxy;
			containerPortal = 8C3C193E0D73EA0B001BAC88 /* EncoderInterface.xcodeproj */;
			proxyType = 2;
			remoteGlobalIDString = 8DC2EF5B0486A6940098B216;
			remoteInfo = EncoderInterface;
		};
		8C3C19480D73EA21001BAC88 /* PBXContainerItemProxy */ = {
			isa = PBXContainerItemProxy;
			containerPortal = 8C3C193E0D73EA0B001BAC88 /* EncoderInterface.xcodeproj */;
			proxyType = 1;
			remoteGlobalIDString = 8DC2EF4F0486A6940098B216;
			remoteInfo = EncoderInterface;
		};
		8C3C19860D73EBF4001BAC88 /* PBXContainerItemProxy */ = {
			isa = PBXContainerItemProxy;
			containerPortal = 8C3C19820D73EBF4001BAC88 /* CoreAudio.xcodeproj */;
			proxyType = 2;
			remoteGlobalIDString = 8D5B49B6048680CD000E48DA;
			remoteInfo = CoreAudio;
		};
		8C3C19890D73EC08001BAC88 /* PBXContainerItemProxy */ = {
			isa = PBXContainerItemProxy;
			containerPortal = 8C3C19820D73EBF4001BAC88 /* CoreAudio.xcodeproj */;
			proxyType = 1;
			remoteGlobalIDString = 8D5B49AC048680CD000E48DA;
			remoteInfo = CoreAudio;
		};
/* End PBXContainerItemProxy section */

/* Begin PBXCopyFilesBuildPhase section */
		8C3C17F80D73981A001BAC88 /* Copy PlugIns */ = {
			isa = PBXCopyFilesBuildPhase;
			buildActionMask = 2147483647;
			dstPath = "";
			dstSubfolderSpec = 13;
			files = (
				8C3C198B0D73EC1E001BAC88 /* CoreAudio.bundle in Copy PlugIns */,
			);
			name = "Copy PlugIns";
			runOnlyForDeploymentPostprocessing = 0;
		};
		8CA35D6B0D2E7B1900F89E3B /* Copy Embedded Frameworks */ = {
			isa = PBXCopyFilesBuildPhase;
			buildActionMask = 2147483647;
			dstPath = "";
			dstSubfolderSpec = 10;
			files = (
				8C3C194A0D73EA35001BAC88 /* EncoderInterface.framework in Copy Embedded Frameworks */,
				8CA361DB0D2F6DDF00F89E3B /* musicbrainz3.framework in Copy Embedded Frameworks */,
				8CA361940D2F68AE00F89E3B /* neon.framework in Copy Embedded Frameworks */,
				8CA35F950D2F42B300F89E3B /* discid.framework in Copy Embedded Frameworks */,
				8CA35D6C0D2E7B1A00F89E3B /* cddb.framework in Copy Embedded Frameworks */,
			);
			name = "Copy Embedded Frameworks";
			runOnlyForDeploymentPostprocessing = 0;
		};
/* End PBXCopyFilesBuildPhase section */

/* Begin PBXFileReference section */
		089C1660FE840EACC02AAC07 /* English */ = {isa = PBXFileReference; fileEncoding = 10; lastKnownFileType = text.plist.strings; name = English; path = English.lproj/InfoPlist.strings; sourceTree = "<group>"; };
		1058C7A7FEA54F5311CA2CBB /* Cocoa.framework */ = {isa = PBXFileReference; lastKnownFileType = wrapper.framework; name = Cocoa.framework; path = /System/Library/Frameworks/Cocoa.framework; sourceTree = "<absolute>"; };
		13E42FBA07B3F13500E4EEF1 /* CoreData.framework */ = {isa = PBXFileReference; lastKnownFileType = wrapper.framework; name = CoreData.framework; path = /System/Library/Frameworks/CoreData.framework; sourceTree = "<absolute>"; };
		2A37F4B0FDCFA73011CA2CEA /* main.m */ = {isa = PBXFileReference; fileEncoding = 4; lastKnownFileType = sourcecode.c.objc; path = main.m; sourceTree = "<group>"; };
		2A37F4BAFDCFA73011CA2CEA /* English */ = {isa = PBXFileReference; lastKnownFileType = text.rtf; name = English; path = English.lproj/Credits.rtf; sourceTree = "<group>"; };
		2A37F4C4FDCFA73011CA2CEA /* AppKit.framework */ = {isa = PBXFileReference; lastKnownFileType = wrapper.framework; name = AppKit.framework; path = /System/Library/Frameworks/AppKit.framework; sourceTree = "<absolute>"; };
		2A37F4C5FDCFA73011CA2CEA /* Foundation.framework */ = {isa = PBXFileReference; lastKnownFileType = wrapper.framework; name = Foundation.framework; path = /System/Library/Frameworks/Foundation.framework; sourceTree = "<absolute>"; };
		32DBCF750370BD2300C91783 /* Rip_Prefix.pch */ = {isa = PBXFileReference; fileEncoding = 4; lastKnownFileType = sourcecode.c.h; path = Rip_Prefix.pch; sourceTree = "<group>"; };
		8C1BBC630D43DF0D00DAC484 /* GenreUtilities.h */ = {isa = PBXFileReference; fileEncoding = 4; lastKnownFileType = sourcecode.c.h; name = GenreUtilities.h; path = Utilities/GenreUtilities.h; sourceTree = "<group>"; };
		8C1BBC640D43DF0D00DAC484 /* GenreUtilities.m */ = {isa = PBXFileReference; fileEncoding = 4; lastKnownFileType = sourcecode.c.objc; name = GenreUtilities.m; path = Utilities/GenreUtilities.m; sourceTree = "<group>"; };
		8C34BB090D761A99003F2953 /* ApplicationDelegate.h */ = {isa = PBXFileReference; fileEncoding = 4; lastKnownFileType = sourcecode.c.h; path = ApplicationDelegate.h; sourceTree = "<group>"; };
		8C34BB0A0D761A99003F2953 /* ApplicationDelegate.m */ = {isa = PBXFileReference; fileEncoding = 4; lastKnownFileType = sourcecode.c.objc; path = ApplicationDelegate.m; sourceTree = "<group>"; };
		8C34BB0C0D761AB7003F2953 /* PlugInManager.h */ = {isa = PBXFileReference; fileEncoding = 4; lastKnownFileType = sourcecode.c.h; path = PlugInManager.h; sourceTree = "<group>"; };
		8C34BB0D0D761AB7003F2953 /* PlugInManager.m */ = {isa = PBXFileReference; fileEncoding = 4; lastKnownFileType = sourcecode.c.objc; path = PlugInManager.m; sourceTree = "<group>"; };
		8C3C193E0D73EA0B001BAC88 /* EncoderInterface.xcodeproj */ = {isa = PBXFileReference; lastKnownFileType = "wrapper.pb-project"; name = EncoderInterface.xcodeproj; path = EncoderInterface/EncoderInterface.xcodeproj; sourceTree = "<group>"; };
		8C3C19820D73EBF4001BAC88 /* CoreAudio.xcodeproj */ = {isa = PBXFileReference; lastKnownFileType = "wrapper.pb-project"; name = CoreAudio.xcodeproj; path = CoreAudio/CoreAudio.xcodeproj; sourceTree = "<group>"; };
		8C3EF7680CFE663A0086181E /* IOKit.framework */ = {isa = PBXFileReference; lastKnownFileType = wrapper.framework; name = IOKit.framework; path = /System/Library/Frameworks/IOKit.framework; sourceTree = "<absolute>"; };
		8C3EFC630D0357D10086181E /* English */ = {isa = PBXFileReference; lastKnownFileType = file.xib; name = English; path = English.lproj/TrackInspectorPanel.xib; sourceTree = "<group>"; };
		8C4C8A620D5A85E500DC0279 /* KBPopUpToolbarItem.h */ = {isa = PBXFileReference; fileEncoding = 4; lastKnownFileType = sourcecode.c.h; name = KBPopUpToolbarItem.h; path = ThirdParty/KBPopUpToolbarItem/KBPopUpToolbarItem.h; sourceTree = "<group>"; };
		8C4C8A630D5A85E500DC0279 /* KBPopUpToolbarItem.m */ = {isa = PBXFileReference; fileEncoding = 4; lastKnownFileType = sourcecode.c.objc; name = KBPopUpToolbarItem.m; path = ThirdParty/KBPopUpToolbarItem/KBPopUpToolbarItem.m; sourceTree = "<group>"; };
		8C4C8B730D5C1DA700DC0279 /* ByteSizeValueTransformer.h */ = {isa = PBXFileReference; fileEncoding = 4; lastKnownFileType = sourcecode.c.h; path = ByteSizeValueTransformer.h; sourceTree = "<group>"; };
		8C4C8B740D5C1DA700DC0279 /* ByteSizeValueTransformer.m */ = {isa = PBXFileReference; fileEncoding = 4; lastKnownFileType = sourcecode.c.objc; path = ByteSizeValueTransformer.m; sourceTree = "<group>"; };
		8C4C8B760D5C1DE600DC0279 /* AlbumMetadata.h */ = {isa = PBXFileReference; fileEncoding = 4; lastKnownFileType = sourcecode.c.h; path = AlbumMetadata.h; sourceTree = "<group>"; };
		8C4C8B770D5C1DE600DC0279 /* AlbumMetadata.m */ = {isa = PBXFileReference; fileEncoding = 4; lastKnownFileType = sourcecode.c.objc; path = AlbumMetadata.m; sourceTree = "<group>"; };
		8C4C8B780D5C1DE600DC0279 /* CompactDisc.h */ = {isa = PBXFileReference; fileEncoding = 4; lastKnownFileType = sourcecode.c.h; path = CompactDisc.h; sourceTree = "<group>"; };
		8C4C8B790D5C1DE600DC0279 /* CompactDisc.m */ = {isa = PBXFileReference; fileEncoding = 4; lastKnownFileType = sourcecode.c.objc; path = CompactDisc.m; sourceTree = "<group>"; };
		8C4C8B7A0D5C1DE600DC0279 /* SectorRange.h */ = {isa = PBXFileReference; fileEncoding = 4; lastKnownFileType = sourcecode.c.h; path = SectorRange.h; sourceTree = "<group>"; };
		8C4C8B7B0D5C1DE600DC0279 /* SectorRange.m */ = {isa = PBXFileReference; fileEncoding = 4; lastKnownFileType = sourcecode.c.objc; path = SectorRange.m; sourceTree = "<group>"; };
		8C4C8B7C0D5C1DE600DC0279 /* SessionDescriptor.h */ = {isa = PBXFileReference; fileEncoding = 4; lastKnownFileType = sourcecode.c.h; path = SessionDescriptor.h; sourceTree = "<group>"; };
		8C4C8B7D0D5C1DE600DC0279 /* SessionDescriptor.m */ = {isa = PBXFileReference; fileEncoding = 4; lastKnownFileType = sourcecode.c.objc; path = SessionDescriptor.m; sourceTree = "<group>"; };
		8C4C8B7E0D5C1DE600DC0279 /* TrackDescriptor.h */ = {isa = PBXFileReference; fileEncoding = 4; lastKnownFileType = sourcecode.c.h; path = TrackDescriptor.h; sourceTree = "<group>"; };
		8C4C8B7F0D5C1DE600DC0279 /* TrackDescriptor.m */ = {isa = PBXFileReference; fileEncoding = 4; lastKnownFileType = sourcecode.c.objc; path = TrackDescriptor.m; sourceTree = "<group>"; };
		8C4C8B800D5C1DE600DC0279 /* TrackMetadata.h */ = {isa = PBXFileReference; fileEncoding = 4; lastKnownFileType = sourcecode.c.h; path = TrackMetadata.h; sourceTree = "<group>"; };
		8C4C8B810D5C1DE600DC0279 /* TrackMetadata.m */ = {isa = PBXFileReference; fileEncoding = 4; lastKnownFileType = sourcecode.c.objc; path = TrackMetadata.m; sourceTree = "<group>"; };
		8C4C8B880D5C1DF300DC0279 /* ByteSizeFormatter.h */ = {isa = PBXFileReference; fileEncoding = 4; lastKnownFileType = sourcecode.c.h; path = ByteSizeFormatter.h; sourceTree = "<group>"; };
		8C4C8B890D5C1DF300DC0279 /* ByteSizeFormatter.m */ = {isa = PBXFileReference; fileEncoding = 4; lastKnownFileType = sourcecode.c.objc; path = ByteSizeFormatter.m; sourceTree = "<group>"; };
		8C4C8B8A0D5C1DF300DC0279 /* CDMSFFormatter.h */ = {isa = PBXFileReference; fileEncoding = 4; lastKnownFileType = sourcecode.c.h; path = CDMSFFormatter.h; sourceTree = "<group>"; };
		8C4C8B8B0D5C1DF300DC0279 /* CDMSFFormatter.m */ = {isa = PBXFileReference; fileEncoding = 4; lastKnownFileType = sourcecode.c.objc; path = CDMSFFormatter.m; sourceTree = "<group>"; };
		8C4C8B8C0D5C1DF300DC0279 /* DurationFormatter.h */ = {isa = PBXFileReference; fileEncoding = 4; lastKnownFileType = sourcecode.c.h; path = DurationFormatter.h; sourceTree = "<group>"; };
		8C4C8B8D0D5C1DF300DC0279 /* DurationFormatter.m */ = {isa = PBXFileReference; fileEncoding = 4; lastKnownFileType = sourcecode.c.objc; path = DurationFormatter.m; sourceTree = "<group>"; };
		8C4C8B8E0D5C1DF300DC0279 /* YesNoFormatter.h */ = {isa = PBXFileReference; fileEncoding = 4; lastKnownFileType = sourcecode.c.h; path = YesNoFormatter.h; sourceTree = "<group>"; };
		8C4C8B8F0D5C1DF300DC0279 /* YesNoFormatter.m */ = {isa = PBXFileReference; fileEncoding = 4; lastKnownFileType = sourcecode.c.objc; path = YesNoFormatter.m; sourceTree = "<group>"; };
		8C4C8B960D5C1E0800DC0279 /* CDDAUtilities.h */ = {isa = PBXFileReference; fileEncoding = 4; lastKnownFileType = sourcecode.c.h; path = CDDAUtilities.h; sourceTree = "<group>"; };
		8C4C8B970D5C1E0800DC0279 /* CDDAUtilities.m */ = {isa = PBXFileReference; fileEncoding = 4; lastKnownFileType = sourcecode.c.objc; path = CDDAUtilities.m; sourceTree = "<group>"; };
		8C4C8B9A0D5C1E0800DC0279 /* ExternalCodecEncodeOperation.h */ = {isa = PBXFileReference; fileEncoding = 4; lastKnownFileType = sourcecode.c.h; path = ExternalCodecEncodeOperation.h; sourceTree = "<group>"; };
		8C4C8B9B0D5C1E0800DC0279 /* ExternalCodecEncodeOperation.m */ = {isa = PBXFileReference; fileEncoding = 4; lastKnownFileType = sourcecode.c.objc; path = ExternalCodecEncodeOperation.m; sourceTree = "<group>"; };
		8C4C8B9E0D5C1E0800DC0279 /* PreGapDetectionOperation.h */ = {isa = PBXFileReference; fileEncoding = 4; lastKnownFileType = sourcecode.c.h; path = PreGapDetectionOperation.h; sourceTree = "<group>"; };
		8C4C8B9F0D5C1E0800DC0279 /* PreGapDetectionOperation.m */ = {isa = PBXFileReference; fileEncoding = 4; lastKnownFileType = sourcecode.c.objc; path = PreGapDetectionOperation.m; sourceTree = "<group>"; };
		8C4C8BA60D5C1E1D00DC0279 /* DriveInspectorPanelController.h */ = {isa = PBXFileReference; fileEncoding = 4; lastKnownFileType = sourcecode.c.h; path = DriveInspectorPanelController.h; sourceTree = "<group>"; };
		8C4C8BA70D5C1E1D00DC0279 /* DriveInspectorPanelController.m */ = {isa = PBXFileReference; fileEncoding = 4; lastKnownFileType = sourcecode.c.objc; path = DriveInspectorPanelController.m; sourceTree = "<group>"; };
		8C4C8BA80D5C1E1D00DC0279 /* TrackInspectorPanelController.h */ = {isa = PBXFileReference; fileEncoding = 4; lastKnownFileType = sourcecode.c.h; path = TrackInspectorPanelController.h; sourceTree = "<group>"; };
		8C4C8BA90D5C1E1D00DC0279 /* TrackInspectorPanelController.m */ = {isa = PBXFileReference; fileEncoding = 4; lastKnownFileType = sourcecode.c.objc; path = TrackInspectorPanelController.m; sourceTree = "<group>"; };
		8C4C8BBB0D5C1E6600DC0279 /* Green Light.tiff */ = {isa = PBXFileReference; lastKnownFileType = image.tiff; path = "Green Light.tiff"; sourceTree = "<group>"; };
		8C4C8BBC0D5C1E6600DC0279 /* Red Light.tiff */ = {isa = PBXFileReference; lastKnownFileType = image.tiff; path = "Red Light.tiff"; sourceTree = "<group>"; };
		8C4C8BBD0D5C1E6600DC0279 /* Yellow Light.tiff */ = {isa = PBXFileReference; lastKnownFileType = image.tiff; path = "Yellow Light.tiff"; sourceTree = "<group>"; };
		8C4C8BC20D5C1EA300DC0279 /* DurationValueTransformer.h */ = {isa = PBXFileReference; fileEncoding = 4; lastKnownFileType = sourcecode.c.h; path = DurationValueTransformer.h; sourceTree = "<group>"; };
		8C4C8BC30D5C1EA300DC0279 /* DurationValueTransformer.m */ = {isa = PBXFileReference; fileEncoding = 4; lastKnownFileType = sourcecode.c.objc; path = DurationValueTransformer.m; sourceTree = "<group>"; };
		8C4C8CB10D5D1A3100DC0279 /* AccurateRipDiscRecord.h */ = {isa = PBXFileReference; fileEncoding = 4; lastKnownFileType = sourcecode.c.h; path = AccurateRipDiscRecord.h; sourceTree = "<group>"; };
		8C4C8CB20D5D1A3100DC0279 /* AccurateRipDiscRecord.m */ = {isa = PBXFileReference; fileEncoding = 4; lastKnownFileType = sourcecode.c.objc; path = AccurateRipDiscRecord.m; sourceTree = "<group>"; };
		8C4C8CB30D5D1A3100DC0279 /* AccurateRipQueryOperation.h */ = {isa = PBXFileReference; fileEncoding = 4; lastKnownFileType = sourcecode.c.h; path = AccurateRipQueryOperation.h; sourceTree = "<group>"; };
		8C4C8CB40D5D1A3100DC0279 /* AccurateRipQueryOperation.m */ = {isa = PBXFileReference; fileEncoding = 4; lastKnownFileType = sourcecode.c.objc; path = AccurateRipQueryOperation.m; sourceTree = "<group>"; };
		8C4C8CB50D5D1A3100DC0279 /* AccurateRipTrackRecord.h */ = {isa = PBXFileReference; fileEncoding = 4; lastKnownFileType = sourcecode.c.h; path = AccurateRipTrackRecord.h; sourceTree = "<group>"; };
		8C4C8CB60D5D1A3100DC0279 /* AccurateRipTrackRecord.m */ = {isa = PBXFileReference; fileEncoding = 4; lastKnownFileType = sourcecode.c.objc; path = AccurateRipTrackRecord.m; sourceTree = "<group>"; };
		8C4C8CB70D5D1A3100DC0279 /* AccurateRipUtilities.h */ = {isa = PBXFileReference; fileEncoding = 4; lastKnownFileType = sourcecode.c.h; path = AccurateRipUtilities.h; sourceTree = "<group>"; };
		8C4C8CB80D5D1A3100DC0279 /* AccurateRipUtilities.m */ = {isa = PBXFileReference; fileEncoding = 4; lastKnownFileType = sourcecode.c.objc; path = AccurateRipUtilities.m; sourceTree = "<group>"; };
		8C4C8CCD0D5D66A800DC0279 /* MusicDatabaseQueryOperation.h */ = {isa = PBXFileReference; fileEncoding = 4; lastKnownFileType = sourcecode.c.h; path = MusicDatabaseQueryOperation.h; sourceTree = "<group>"; };
		8C4C8CCE0D5D66A800DC0279 /* MusicDatabaseQueryOperation.m */ = {isa = PBXFileReference; fileEncoding = 4; lastKnownFileType = sourcecode.c.objc; path = MusicDatabaseQueryOperation.m; sourceTree = "<group>"; };
		8C4C8CD20D5D673800DC0279 /* FreeDBQueryOperation.h */ = {isa = PBXFileReference; fileEncoding = 4; lastKnownFileType = sourcecode.c.h; path = FreeDBQueryOperation.h; sourceTree = "<group>"; };
		8C4C8CD30D5D673800DC0279 /* FreeDBQueryOperation.m */ = {isa = PBXFileReference; fileEncoding = 4; lastKnownFileType = sourcecode.c.objc; path = FreeDBQueryOperation.m; sourceTree = "<group>"; };
		8C4C8CD40D5D673800DC0279 /* iTunesQueryOperation.h */ = {isa = PBXFileReference; fileEncoding = 4; lastKnownFileType = sourcecode.c.h; path = iTunesQueryOperation.h; sourceTree = "<group>"; };
		8C4C8CD50D5D673800DC0279 /* iTunesQueryOperation.m */ = {isa = PBXFileReference; fileEncoding = 4; lastKnownFileType = sourcecode.c.objc; path = iTunesQueryOperation.m; sourceTree = "<group>"; };
		8C4C8CD60D5D673800DC0279 /* MusicBrainzQueryOperation.h */ = {isa = PBXFileReference; fileEncoding = 4; lastKnownFileType = sourcecode.c.h; path = MusicBrainzQueryOperation.h; sourceTree = "<group>"; };
		8C4C8CD70D5D673800DC0279 /* MusicBrainzQueryOperation.mm */ = {isa = PBXFileReference; fileEncoding = 4; lastKnownFileType = sourcecode.cpp.objcpp; path = MusicBrainzQueryOperation.mm; sourceTree = "<group>"; };
		8C4C8CED0D5D699C00DC0279 /* MusicDatabaseMatchesSheetController.h */ = {isa = PBXFileReference; fileEncoding = 4; lastKnownFileType = sourcecode.c.h; path = MusicDatabaseMatchesSheetController.h; sourceTree = "<group>"; };
		8C4C8CEE0D5D699C00DC0279 /* MusicDatabaseMatchesSheetController.m */ = {isa = PBXFileReference; fileEncoding = 4; lastKnownFileType = sourcecode.c.objc; path = MusicDatabaseMatchesSheetController.m; sourceTree = "<group>"; };
		8C4C8D680D5D8BAE00DC0279 /* Quartz.framework */ = {isa = PBXFileReference; lastKnownFileType = wrapper.framework; name = Quartz.framework; path = /System/Library/Frameworks/Quartz.framework; sourceTree = "<absolute>"; };
		8C4C8DFE0D5E2A0600DC0279 /* BitArray.h */ = {isa = PBXFileReference; fileEncoding = 4; lastKnownFileType = sourcecode.c.h; path = BitArray.h; sourceTree = "<group>"; };
		8C4C8DFF0D5E2A0600DC0279 /* BitArray.m */ = {isa = PBXFileReference; fileEncoding = 4; lastKnownFileType = sourcecode.c.objc; path = BitArray.m; sourceTree = "<group>"; };
		8C4C8E000D5E2A0600DC0279 /* ExtractionOperation.h */ = {isa = PBXFileReference; fileEncoding = 4; lastKnownFileType = sourcecode.c.h; path = ExtractionOperation.h; sourceTree = "<group>"; };
		8C4C8E010D5E2A0600DC0279 /* ExtractionOperation.m */ = {isa = PBXFileReference; fileEncoding = 4; lastKnownFileType = sourcecode.c.objc; path = ExtractionOperation.m; sourceTree = "<group>"; };
		8C4C8E060D5E2ADB00DC0279 /* ExtractionRecord.h */ = {isa = PBXFileReference; fileEncoding = 4; lastKnownFileType = sourcecode.c.h; path = ExtractionRecord.h; sourceTree = "<group>"; };
		8C4C8E070D5E2ADB00DC0279 /* ExtractionRecord.m */ = {isa = PBXFileReference; fileEncoding = 4; lastKnownFileType = sourcecode.c.objc; path = ExtractionRecord.m; sourceTree = "<group>"; };
		8C4C8E0A0D5E2BB900DC0279 /* ExtractedTrackRecord.h */ = {isa = PBXFileReference; fileEncoding = 4; lastKnownFileType = sourcecode.c.h; path = ExtractedTrackRecord.h; sourceTree = "<group>"; };
		8C4C8E0B0D5E2BB900DC0279 /* ExtractedTrackRecord.m */ = {isa = PBXFileReference; fileEncoding = 4; lastKnownFileType = sourcecode.c.objc; path = ExtractedTrackRecord.m; sourceTree = "<group>"; };
		8C7D31490D05235200CEEE44 /* English */ = {isa = PBXFileReference; lastKnownFileType = file.xib; name = English; path = English.lproj/DriveInspectorPanel.xib; sourceTree = "<group>"; };
		8C807ABE0D3F069300B48E7A /* Rip.xcdatamodel */ = {isa = PBXFileReference; fileEncoding = 4; lastKnownFileType = wrapper.xcdatamodel; name = Rip.xcdatamodel; path = Models/Rip.xcdatamodel; sourceTree = "<group>"; };
		8C8EFBA30D6E7AC1009E9299 /* ISRCDetectionOperation.h */ = {isa = PBXFileReference; fileEncoding = 4; lastKnownFileType = sourcecode.c.h; path = ISRCDetectionOperation.h; sourceTree = "<group>"; };
		8C8EFBA40D6E7AC1009E9299 /* ISRCDetectionOperation.m */ = {isa = PBXFileReference; fileEncoding = 4; lastKnownFileType = sourcecode.c.objc; path = ISRCDetectionOperation.m; sourceTree = "<group>"; };
		8C8EFBC80D6E7C21009E9299 /* MCNDetectionOperation.h */ = {isa = PBXFileReference; fileEncoding = 4; lastKnownFileType = sourcecode.c.h; path = MCNDetectionOperation.h; sourceTree = "<group>"; };
		8C8EFBC90D6E7C21009E9299 /* MCNDetectionOperation.m */ = {isa = PBXFileReference; fileEncoding = 4; lastKnownFileType = sourcecode.c.objc; path = MCNDetectionOperation.m; sourceTree = "<group>"; };
		8C8EFC3E0D706471009E9299 /* AlbumArtwork.h */ = {isa = PBXFileReference; fileEncoding = 4; lastKnownFileType = sourcecode.c.h; path = AlbumArtwork.h; sourceTree = "<group>"; };
		8C8EFC3F0D706471009E9299 /* AlbumArtwork.m */ = {isa = PBXFileReference; fileEncoding = 4; lastKnownFileType = sourcecode.c.objc; path = AlbumArtwork.m; sourceTree = "<group>"; };
		8C92D1FD0D5821F4004521F4 /* ScriptingBridge.framework */ = {isa = PBXFileReference; lastKnownFileType = wrapper.framework; name = ScriptingBridge.framework; path = /System/Library/Frameworks/ScriptingBridge.framework; sourceTree = "<absolute>"; };
		8C92D2020D582225004521F4 /* iTunes.h */ = {isa = PBXFileReference; fileEncoding = 4; lastKnownFileType = sourcecode.c.h; name = iTunes.h; path = AppleScript/iTunes.h; sourceTree = "<group>"; };
		8C98170D0CF7C6AB00F45B7F /* English */ = {isa = PBXFileReference; lastKnownFileType = file.xib; name = English; path = English.lproj/MainMenu.xib; sourceTree = "<group>"; };
		8CA35D660D2E7AEA00F89E3B /* cddb.framework */ = {isa = PBXFileReference; lastKnownFileType = wrapper.framework; name = cddb.framework; path = Frameworks/cddb.framework; sourceTree = "<group>"; };
		8CA35EDE0D2F0AA100F89E3B /* English */ = {isa = PBXFileReference; lastKnownFileType = file.xib; name = English; path = English.lproj/MusicDatabaseMatchesSheet.xib; sourceTree = "<group>"; };
		8CA35F910D2F42A800F89E3B /* discid.framework */ = {isa = PBXFileReference; lastKnownFileType = wrapper.framework; name = discid.framework; path = Frameworks/discid.framework; sourceTree = "<group>"; };
		8CA361920D2F68A700F89E3B /* neon.framework */ = {isa = PBXFileReference; lastKnownFileType = wrapper.framework; name = neon.framework; path = Frameworks/neon.framework; sourceTree = "<group>"; };
		8CA361D70D2F6DD500F89E3B /* musicbrainz3.framework */ = {isa = PBXFileReference; lastKnownFileType = wrapper.framework; name = musicbrainz3.framework; path = Frameworks/musicbrainz3.framework; sourceTree = "<group>"; };
		8CA8BAAD0D304F9B006B4779 /* CompactDiscWindowController.h */ = {isa = PBXFileReference; fileEncoding = 4; lastKnownFileType = sourcecode.c.h; name = CompactDiscWindowController.h; path = Documents/CompactDiscWindowController.h; sourceTree = "<group>"; };
		8CA8BAAE0D304F9B006B4779 /* CompactDiscWindowController.m */ = {isa = PBXFileReference; fileEncoding = 4; lastKnownFileType = sourcecode.c.objc; name = CompactDiscWindowController.m; path = Documents/CompactDiscWindowController.m; sourceTree = "<group>"; };
		8CA8BAB70D30503C006B4779 /* English */ = {isa = PBXFileReference; lastKnownFileType = file.xib; name = English; path = English.lproj/CompactDisc.xib; sourceTree = "<group>"; };
		8CB2094C0D0507F5003A90A6 /* Drive.h */ = {isa = PBXFileReference; fileEncoding = 4; lastKnownFileType = sourcecode.c.h; name = Drive.h; path = Drive/Drive.h; sourceTree = "<group>"; };
		8CB2094D0D0507F5003A90A6 /* Drive.m */ = {isa = PBXFileReference; fileEncoding = 4; lastKnownFileType = sourcecode.c.objc; name = Drive.m; path = Drive/Drive.m; sourceTree = "<group>"; };
		8CB209730D050EE9003A90A6 /* DriveInformation.h */ = {isa = PBXFileReference; fileEncoding = 4; lastKnownFileType = sourcecode.c.h; name = DriveInformation.h; path = Drive/DriveInformation.h; sourceTree = "<group>"; };
		8CB209740D050EE9003A90A6 /* DriveInformation.m */ = {isa = PBXFileReference; fileEncoding = 4; lastKnownFileType = sourcecode.c.objc; name = DriveInformation.m; path = Drive/DriveInformation.m; sourceTree = "<group>"; };
		8CB2A67C0D2B045E0028332F /* AquaticPrime.h */ = {isa = PBXFileReference; fileEncoding = 4; lastKnownFileType = sourcecode.c.h; name = AquaticPrime.h; path = ThirdParty/AquaticPrime/AquaticPrime.h; sourceTree = "<group>"; };
		8CB2A67D0D2B045E0028332F /* AquaticPrime.m */ = {isa = PBXFileReference; fileEncoding = 4; lastKnownFileType = sourcecode.c.objc; name = AquaticPrime.m; path = ThirdParty/AquaticPrime/AquaticPrime.m; sourceTree = "<group>"; };
		8CD9C1FD0D0F6C4E00C974C9 /* AudioToolbox.framework */ = {isa = PBXFileReference; lastKnownFileType = wrapper.framework; name = AudioToolbox.framework; path = /System/Library/Frameworks/AudioToolbox.framework; sourceTree = "<absolute>"; };
		8CDBEE6C0CFA0A4A000EC553 /* DiskArbitration.framework */ = {isa = PBXFileReference; lastKnownFileType = wrapper.framework; name = DiskArbitration.framework; path = /System/Library/Frameworks/DiskArbitration.framework; sourceTree = "<absolute>"; };
		8CF322050D1883E1005657A6 /* ExtractionConfigurationSheetController.h */ = {isa = PBXFileReference; fileEncoding = 4; lastKnownFileType = sourcecode.c.h; name = ExtractionConfigurationSheetController.h; path = Documents/ExtractionConfigurationSheetController.h; sourceTree = "<group>"; };
		8CF322060D1883E1005657A6 /* ExtractionConfigurationSheetController.m */ = {isa = PBXFileReference; fileEncoding = 4; lastKnownFileType = sourcecode.c.objc; name = ExtractionConfigurationSheetController.m; path = Documents/ExtractionConfigurationSheetController.m; sourceTree = "<group>"; };
		8CF322100D18842B005657A6 /* English */ = {isa = PBXFileReference; lastKnownFileType = file.xib; name = English; path = English.lproj/ExtractionConfigurationSheet.xib; sourceTree = "<group>"; };
		8D15AC360486D014006FF6A4 /* Info.plist */ = {isa = PBXFileReference; fileEncoding = 4; lastKnownFileType = text.plist.xml; path = Info.plist; sourceTree = "<group>"; };
		8D15AC370486D014006FF6A4 /* Rip.app */ = {isa = PBXFileReference; explicitFileType = wrapper.application; includeInIndex = 0; path = Rip.app; sourceTree = BUILT_PRODUCTS_DIR; };
/* End PBXFileReference section */

/* Begin PBXFrameworksBuildPhase section */
		8D15AC330486D014006FF6A4 /* Frameworks */ = {
			isa = PBXFrameworksBuildPhase;
			buildActionMask = 2147483647;
			files = (
				8D15AC340486D014006FF6A4 /* Cocoa.framework in Frameworks */,
				8CDBEE6D0CFA0A4A000EC553 /* DiskArbitration.framework in Frameworks */,
				8C3EF7690CFE663A0086181E /* IOKit.framework in Frameworks */,
				8CD9C1FE0D0F6C4E00C974C9 /* AudioToolbox.framework in Frameworks */,
				8C8502D80D2C282A0081DB75 /* CoreData.framework in Frameworks */,
				8CA35D670D2E7AEA00F89E3B /* cddb.framework in Frameworks */,
				8CA35F920D2F42A800F89E3B /* discid.framework in Frameworks */,
				8CA361930D2F68A700F89E3B /* neon.framework in Frameworks */,
				8CA361D80D2F6DD500F89E3B /* musicbrainz3.framework in Frameworks */,
				8C92D1FE0D5821F4004521F4 /* ScriptingBridge.framework in Frameworks */,
				8C3C19470D73EA12001BAC88 /* EncoderInterface.framework in Frameworks */,
			);
			runOnlyForDeploymentPostprocessing = 0;
		};
/* End PBXFrameworksBuildPhase section */

/* Begin PBXGroup section */
		1058C7A6FEA54F5311CA2CBB /* Linked Frameworks */ = {
			isa = PBXGroup;
			children = (
				8C4C8D680D5D8BAE00DC0279 /* Quartz.framework */,
				8C92D1FD0D5821F4004521F4 /* ScriptingBridge.framework */,
				8CDBEE6C0CFA0A4A000EC553 /* DiskArbitration.framework */,
				8CD9C1FD0D0F6C4E00C974C9 /* AudioToolbox.framework */,
				8C3EF7680CFE663A0086181E /* IOKit.framework */,
				13E42FBA07B3F13500E4EEF1 /* CoreData.framework */,
				1058C7A7FEA54F5311CA2CBB /* Cocoa.framework */,
			);
			name = "Linked Frameworks";
			sourceTree = "<group>";
		};
		1058C7A8FEA54F5311CA2CBB /* Other Frameworks */ = {
			isa = PBXGroup;
			children = (
				2A37F4C4FDCFA73011CA2CEA /* AppKit.framework */,
				2A37F4C5FDCFA73011CA2CEA /* Foundation.framework */,
			);
			name = "Other Frameworks";
			sourceTree = "<group>";
		};
		19C28FB0FE9D524F11CA2CBB /* Products */ = {
			isa = PBXGroup;
			children = (
				8D15AC370486D014006FF6A4 /* Rip.app */,
			);
			name = Products;
			sourceTree = "<group>";
		};
		2A37F4AAFDCFA73011CA2CEA /* Rip */ = {
			isa = PBXGroup;
			children = (
				8C807ABD0D3F05F800B48E7A /* Models */,
				8C67A7AD0CF73B9C00A3B129 /* CompactDisc */,
				8CB2093B0D050782003A90A6 /* Drive */,
				2A37F4ABFDCFA73011CA2CEA /* Documents */,
				8C618C8A0D066FC800A43E04 /* Operations */,
				8C4C8DFC0D5E29A300DC0279 /* Extraction */,
				8C19B2EA0D729637002BE7BF /* Encoding */,
				8C8AC5680D099D4B00A90C21 /* InspectorPanels */,
				8C3EF83D0CFFC5880086181E /* AccurateRip */,
				8CA35CC80D2E707800F89E3B /* MusicDatabase */,
				8CDBEE630CFA092E000EC553 /* Application */,
				8C3EFB370D02841B0086181E /* Formatters */,
				8C4C8B600D5C1AC600DC0279 /* ValueTransformers */,
				8C1BBC620D43DEF800DAC484 /* Utilities */,
				8C92D2010D58220A004521F4 /* AppleScript */,
				2A37F4AFFDCFA73011CA2CEA /* Other Sources */,
				8CA1EA160D091F0A00980383 /* Third Party */,
				8C4C8AA70D5A902F00DC0279 /* Images */,
				2A37F4B8FDCFA73011CA2CEA /* Resources */,
				2A37F4C3FDCFA73011CA2CEA /* Frameworks */,
				19C28FB0FE9D524F11CA2CBB /* Products */,
			);
			name = Rip;
			sourceTree = "<group>";
		};
		2A37F4ABFDCFA73011CA2CEA /* Documents */ = {
			isa = PBXGroup;
			children = (
				8CA8BAAD0D304F9B006B4779 /* CompactDiscWindowController.h */,
				8CA8BAAE0D304F9B006B4779 /* CompactDiscWindowController.m */,
				8CF322050D1883E1005657A6 /* ExtractionConfigurationSheetController.h */,
				8CF322060D1883E1005657A6 /* ExtractionConfigurationSheetController.m */,
			);
			name = Documents;
			sourceTree = "<group>";
		};
		2A37F4AFFDCFA73011CA2CEA /* Other Sources */ = {
			isa = PBXGroup;
			children = (
				32DBCF750370BD2300C91783 /* Rip_Prefix.pch */,
				2A37F4B0FDCFA73011CA2CEA /* main.m */,
			);
			name = "Other Sources";
			sourceTree = "<group>";
		};
		2A37F4B8FDCFA73011CA2CEA /* Resources */ = {
			isa = PBXGroup;
			children = (
				8CA8BAB60D30503C006B4779 /* CompactDisc.xib */,
				8CA35EDD0D2F0AA100F89E3B /* MusicDatabaseMatchesSheet.xib */,
				8CF3220F0D18842B005657A6 /* ExtractionConfigurationSheet.xib */,
				8C7D31480D05235200CEEE44 /* DriveInspectorPanel.xib */,
				8C3EFC620D0357D10086181E /* TrackInspectorPanel.xib */,
				8C98170C0CF7C6AB00F45B7F /* MainMenu.xib */,
				2A37F4B9FDCFA73011CA2CEA /* Credits.rtf */,
				8D15AC360486D014006FF6A4 /* Info.plist */,
				089C165FFE840EACC02AAC07 /* InfoPlist.strings */,
			);
			name = Resources;
			sourceTree = "<group>";
		};
		2A37F4C3FDCFA73011CA2CEA /* Frameworks */ = {
			isa = PBXGroup;
			children = (
				8CA361D70D2F6DD500F89E3B /* musicbrainz3.framework */,
				8CA361920D2F68A700F89E3B /* neon.framework */,
				8CA35F910D2F42A800F89E3B /* discid.framework */,
				8CA35D660D2E7AEA00F89E3B /* cddb.framework */,
				1058C7A6FEA54F5311CA2CBB /* Linked Frameworks */,
				1058C7A8FEA54F5311CA2CBB /* Other Frameworks */,
			);
			name = Frameworks;
			sourceTree = "<group>";
		};
		8C19B2EA0D729637002BE7BF /* Encoding */ = {
			isa = PBXGroup;
			children = (
				8C3C19820D73EBF4001BAC88 /* CoreAudio.xcodeproj */,
				8C3C193E0D73EA0B001BAC88 /* EncoderInterface.xcodeproj */,
			);
			path = Encoding;
			sourceTree = "<group>";
		};
		8C1BBC620D43DEF800DAC484 /* Utilities */ = {
			isa = PBXGroup;
			children = (
				8C1BBC630D43DF0D00DAC484 /* GenreUtilities.h */,
				8C1BBC640D43DF0D00DAC484 /* GenreUtilities.m */,
			);
			name = Utilities;
			sourceTree = "<group>";
		};
		8C3C193F0D73EA0B001BAC88 /* Products */ = {
			isa = PBXGroup;
			children = (
				8C3C19460D73EA0B001BAC88 /* EncoderInterface.framework */,
			);
			name = Products;
			sourceTree = "<group>";
		};
		8C3C19830D73EBF4001BAC88 /* Products */ = {
			isa = PBXGroup;
			children = (
				8C3C19870D73EBF4001BAC88 /* CoreAudio.bundle */,
			);
			name = Products;
			sourceTree = "<group>";
		};
		8C3EF83D0CFFC5880086181E /* AccurateRip */ = {
			isa = PBXGroup;
			children = (
				8C4C8CB10D5D1A3100DC0279 /* AccurateRipDiscRecord.h */,
				8C4C8CB20D5D1A3100DC0279 /* AccurateRipDiscRecord.m */,
				8C4C8CB30D5D1A3100DC0279 /* AccurateRipQueryOperation.h */,
				8C4C8CB40D5D1A3100DC0279 /* AccurateRipQueryOperation.m */,
				8C4C8CB50D5D1A3100DC0279 /* AccurateRipTrackRecord.h */,
				8C4C8CB60D5D1A3100DC0279 /* AccurateRipTrackRecord.m */,
				8C4C8CB70D5D1A3100DC0279 /* AccurateRipUtilities.h */,
				8C4C8CB80D5D1A3100DC0279 /* AccurateRipUtilities.m */,
			);
			path = AccurateRip;
			sourceTree = "<group>";
		};
		8C3EFB370D02841B0086181E /* Formatters */ = {
			isa = PBXGroup;
			children = (
				8C4C8B880D5C1DF300DC0279 /* ByteSizeFormatter.h */,
				8C4C8B890D5C1DF300DC0279 /* ByteSizeFormatter.m */,
				8C4C8B8A0D5C1DF300DC0279 /* CDMSFFormatter.h */,
				8C4C8B8B0D5C1DF300DC0279 /* CDMSFFormatter.m */,
				8C4C8B8C0D5C1DF300DC0279 /* DurationFormatter.h */,
				8C4C8B8D0D5C1DF300DC0279 /* DurationFormatter.m */,
				8C4C8B8E0D5C1DF300DC0279 /* YesNoFormatter.h */,
				8C4C8B8F0D5C1DF300DC0279 /* YesNoFormatter.m */,
			);
			path = Formatters;
			sourceTree = "<group>";
		};
		8C4C8A610D5A85C800DC0279 /* KBPopUpToolbarItem */ = {
			isa = PBXGroup;
			children = (
				8C4C8A620D5A85E500DC0279 /* KBPopUpToolbarItem.h */,
				8C4C8A630D5A85E500DC0279 /* KBPopUpToolbarItem.m */,
			);
			name = KBPopUpToolbarItem;
			sourceTree = "<group>";
		};
		8C4C8AA70D5A902F00DC0279 /* Images */ = {
			isa = PBXGroup;
			children = (
				8C4C8BBB0D5C1E6600DC0279 /* Green Light.tiff */,
				8C4C8BBC0D5C1E6600DC0279 /* Red Light.tiff */,
				8C4C8BBD0D5C1E6600DC0279 /* Yellow Light.tiff */,
			);
			path = Images;
			sourceTree = "<group>";
		};
		8C4C8B600D5C1AC600DC0279 /* ValueTransformers */ = {
			isa = PBXGroup;
			children = (
				8C4C8BC20D5C1EA300DC0279 /* DurationValueTransformer.h */,
				8C4C8BC30D5C1EA300DC0279 /* DurationValueTransformer.m */,
				8C4C8B730D5C1DA700DC0279 /* ByteSizeValueTransformer.h */,
				8C4C8B740D5C1DA700DC0279 /* ByteSizeValueTransformer.m */,
			);
			path = ValueTransformers;
			sourceTree = "<group>";
		};
		8C4C8DFC0D5E29A300DC0279 /* Extraction */ = {
			isa = PBXGroup;
			children = (
				8C4C8E0A0D5E2BB900DC0279 /* ExtractedTrackRecord.h */,
				8C4C8E0B0D5E2BB900DC0279 /* ExtractedTrackRecord.m */,
				8C4C8E060D5E2ADB00DC0279 /* ExtractionRecord.h */,
				8C4C8E070D5E2ADB00DC0279 /* ExtractionRecord.m */,
				8C4C8DFE0D5E2A0600DC0279 /* BitArray.h */,
				8C4C8DFF0D5E2A0600DC0279 /* BitArray.m */,
				8C4C8E000D5E2A0600DC0279 /* ExtractionOperation.h */,
				8C4C8E010D5E2A0600DC0279 /* ExtractionOperation.m */,
			);
			path = Extraction;
			sourceTree = "<group>";
		};
		8C618C8A0D066FC800A43E04 /* Operations */ = {
			isa = PBXGroup;
			children = (
				8C4C8B960D5C1E0800DC0279 /* CDDAUtilities.h */,
				8C4C8B970D5C1E0800DC0279 /* CDDAUtilities.m */,
				8C4C8B9A0D5C1E0800DC0279 /* ExternalCodecEncodeOperation.h */,
				8C4C8B9B0D5C1E0800DC0279 /* ExternalCodecEncodeOperation.m */,
				8C4C8B9E0D5C1E0800DC0279 /* PreGapDetectionOperation.h */,
				8C4C8B9F0D5C1E0800DC0279 /* PreGapDetectionOperation.m */,
				8C8EFBA30D6E7AC1009E9299 /* ISRCDetectionOperation.h */,
				8C8EFBA40D6E7AC1009E9299 /* ISRCDetectionOperation.m */,
				8C8EFBC80D6E7C21009E9299 /* MCNDetectionOperation.h */,
				8C8EFBC90D6E7C21009E9299 /* MCNDetectionOperation.m */,
			);
			path = Operations;
			sourceTree = "<group>";
		};
		8C67A7AD0CF73B9C00A3B129 /* CompactDisc */ = {
			isa = PBXGroup;
			children = (
				8C4C8B760D5C1DE600DC0279 /* AlbumMetadata.h */,
				8C4C8B770D5C1DE600DC0279 /* AlbumMetadata.m */,
				8C4C8B780D5C1DE600DC0279 /* CompactDisc.h */,
				8C4C8B790D5C1DE600DC0279 /* CompactDisc.m */,
				8C4C8B7A0D5C1DE600DC0279 /* SectorRange.h */,
				8C4C8B7B0D5C1DE600DC0279 /* SectorRange.m */,
				8C4C8B7C0D5C1DE600DC0279 /* SessionDescriptor.h */,
				8C4C8B7D0D5C1DE600DC0279 /* SessionDescriptor.m */,
				8C4C8B7E0D5C1DE600DC0279 /* TrackDescriptor.h */,
				8C4C8B7F0D5C1DE600DC0279 /* TrackDescriptor.m */,
				8C4C8B800D5C1DE600DC0279 /* TrackMetadata.h */,
				8C4C8B810D5C1DE600DC0279 /* TrackMetadata.m */,
				8C8EFC3E0D706471009E9299 /* AlbumArtwork.h */,
				8C8EFC3F0D706471009E9299 /* AlbumArtwork.m */,
			);
			path = CompactDisc;
			sourceTree = "<group>";
		};
		8C807ABD0D3F05F800B48E7A /* Models */ = {
			isa = PBXGroup;
			children = (
				8C807ABE0D3F069300B48E7A /* Rip.xcdatamodel */,
			);
			name = Models;
			sourceTree = "<group>";
		};
		8C8AC5680D099D4B00A90C21 /* InspectorPanels */ = {
			isa = PBXGroup;
			children = (
				8C4C8BA60D5C1E1D00DC0279 /* DriveInspectorPanelController.h */,
				8C4C8BA70D5C1E1D00DC0279 /* DriveInspectorPanelController.m */,
				8C4C8BA80D5C1E1D00DC0279 /* TrackInspectorPanelController.h */,
				8C4C8BA90D5C1E1D00DC0279 /* TrackInspectorPanelController.m */,
			);
			path = InspectorPanels;
			sourceTree = "<group>";
		};
		8C92D2010D58220A004521F4 /* AppleScript */ = {
			isa = PBXGroup;
			children = (
				8C92D2020D582225004521F4 /* iTunes.h */,
			);
			name = AppleScript;
			sourceTree = "<group>";
		};
		8CA1EA160D091F0A00980383 /* Third Party */ = {
			isa = PBXGroup;
			children = (
				8C4C8A610D5A85C800DC0279 /* KBPopUpToolbarItem */,
				8CB2A67B0D2B04490028332F /* AquaticPrime */,
			);
			name = "Third Party";
			sourceTree = "<group>";
		};
		8CA35CC80D2E707800F89E3B /* MusicDatabase */ = {
			isa = PBXGroup;
			children = (
				8C4C8CED0D5D699C00DC0279 /* MusicDatabaseMatchesSheetController.h */,
				8C4C8CEE0D5D699C00DC0279 /* MusicDatabaseMatchesSheetController.m */,
				8C4C8CD20D5D673800DC0279 /* FreeDBQueryOperation.h */,
				8C4C8CD30D5D673800DC0279 /* FreeDBQueryOperation.m */,
				8C4C8CD40D5D673800DC0279 /* iTunesQueryOperation.h */,
				8C4C8CD50D5D673800DC0279 /* iTunesQueryOperation.m */,
				8C4C8CD60D5D673800DC0279 /* MusicBrainzQueryOperation.h */,
				8C4C8CD70D5D673800DC0279 /* MusicBrainzQueryOperation.mm */,
				8C4C8CCD0D5D66A800DC0279 /* MusicDatabaseQueryOperation.h */,
				8C4C8CCE0D5D66A800DC0279 /* MusicDatabaseQueryOperation.m */,
			);
			path = MusicDatabase;
			sourceTree = "<group>";
		};
		8CB2093B0D050782003A90A6 /* Drive */ = {
			isa = PBXGroup;
			children = (
				8CB2094C0D0507F5003A90A6 /* Drive.h */,
				8CB2094D0D0507F5003A90A6 /* Drive.m */,
				8CB209730D050EE9003A90A6 /* DriveInformation.h */,
				8CB209740D050EE9003A90A6 /* DriveInformation.m */,
			);
			name = Drive;
			sourceTree = "<group>";
		};
		8CB2A67B0D2B04490028332F /* AquaticPrime */ = {
			isa = PBXGroup;
			children = (
				8CB2A67C0D2B045E0028332F /* AquaticPrime.h */,
				8CB2A67D0D2B045E0028332F /* AquaticPrime.m */,
			);
			name = AquaticPrime;
			sourceTree = "<group>";
		};
		8CDBEE630CFA092E000EC553 /* Application */ = {
			isa = PBXGroup;
			children = (
				8C34BB090D761A99003F2953 /* ApplicationDelegate.h */,
				8C34BB0A0D761A99003F2953 /* ApplicationDelegate.m */,
				8C34BB0C0D761AB7003F2953 /* PlugInManager.h */,
				8C34BB0D0D761AB7003F2953 /* PlugInManager.m */,
			);
			path = Application;
			sourceTree = "<group>";
		};
/* End PBXGroup section */

/* Begin PBXNativeTarget section */
		8D15AC270486D014006FF6A4 /* Rip */ = {
			isa = PBXNativeTarget;
			buildConfigurationList = C05733C708A9546B00998B17 /* Build configuration list for PBXNativeTarget "Rip" */;
			buildPhases = (
				8D15AC2B0486D014006FF6A4 /* Resources */,
				8D15AC300486D014006FF6A4 /* Sources */,
				8D15AC330486D014006FF6A4 /* Frameworks */,
				8CA35D6B0D2E7B1900F89E3B /* Copy Embedded Frameworks */,
				8C3C17F80D73981A001BAC88 /* Copy PlugIns */,
			);
			buildRules = (
			);
			dependencies = (
				8C3C19490D73EA21001BAC88 /* PBXTargetDependency */,
				8C3C198A0D73EC08001BAC88 /* PBXTargetDependency */,
			);
			name = Rip;
			productInstallPath = "$(HOME)/Applications";
			productName = Rip;
			productReference = 8D15AC370486D014006FF6A4 /* Rip.app */;
			productType = "com.apple.product-type.application";
		};
/* End PBXNativeTarget section */

/* Begin PBXProject section */
		2A37F4A9FDCFA73011CA2CEA /* Project object */ = {
			isa = PBXProject;
			buildConfigurationList = C05733CB08A9546B00998B17 /* Build configuration list for PBXProject "Rip" */;
			compatibilityVersion = "Xcode 3.0";
			hasScannedForEncodings = 1;
			mainGroup = 2A37F4AAFDCFA73011CA2CEA /* Rip */;
			projectDirPath = "";
			projectReferences = (
				{
					ProductGroup = 8C3C19830D73EBF4001BAC88 /* Products */;
					ProjectRef = 8C3C19820D73EBF4001BAC88 /* CoreAudio.xcodeproj */;
				},
				{
					ProductGroup = 8C3C193F0D73EA0B001BAC88 /* Products */;
					ProjectRef = 8C3C193E0D73EA0B001BAC88 /* EncoderInterface.xcodeproj */;
				},
			);
			projectRoot = "";
			targets = (
				8D15AC270486D014006FF6A4 /* Rip */,
			);
		};
/* End PBXProject section */

/* Begin PBXReferenceProxy section */
		8C3C19460D73EA0B001BAC88 /* EncoderInterface.framework */ = {
			isa = PBXReferenceProxy;
			fileType = wrapper.framework;
			path = EncoderInterface.framework;
			remoteRef = 8C3C19450D73EA0B001BAC88 /* PBXContainerItemProxy */;
			sourceTree = BUILT_PRODUCTS_DIR;
		};
		8C3C19870D73EBF4001BAC88 /* CoreAudio.bundle */ = {
			isa = PBXReferenceProxy;
			fileType = wrapper.cfbundle;
			path = CoreAudio.bundle;
			remoteRef = 8C3C19860D73EBF4001BAC88 /* PBXContainerItemProxy */;
			sourceTree = BUILT_PRODUCTS_DIR;
		};
/* End PBXReferenceProxy section */

/* Begin PBXResourcesBuildPhase section */
		8D15AC2B0486D014006FF6A4 /* Resources */ = {
			isa = PBXResourcesBuildPhase;
			buildActionMask = 2147483647;
			files = (
				8D15AC2C0486D014006FF6A4 /* Credits.rtf in Resources */,
				8D15AC2F0486D014006FF6A4 /* InfoPlist.strings in Resources */,
				8C9817100CF7C6AB00F45B7F /* MainMenu.xib in Resources */,
				8C3EFC640D0357D10086181E /* TrackInspectorPanel.xib in Resources */,
				8C7D314A0D05235200CEEE44 /* DriveInspectorPanel.xib in Resources */,
				8CF322110D18842B005657A6 /* ExtractionConfigurationSheet.xib in Resources */,
				8CA35EDF0D2F0AA100F89E3B /* MusicDatabaseMatchesSheet.xib in Resources */,
				8CA8BAB80D30503C006B4779 /* CompactDisc.xib in Resources */,
				8C4C8BBE0D5C1E6600DC0279 /* Green Light.tiff in Resources */,
				8C4C8BBF0D5C1E6600DC0279 /* Red Light.tiff in Resources */,
				8C4C8BC00D5C1E6600DC0279 /* Yellow Light.tiff in Resources */,
				8C3C19880D73EBFB001BAC88 /* CoreAudio.bundle in Resources */,
			);
			runOnlyForDeploymentPostprocessing = 0;
		};
/* End PBXResourcesBuildPhase section */

/* Begin PBXSourcesBuildPhase section */
		8D15AC300486D014006FF6A4 /* Sources */ = {
			isa = PBXSourcesBuildPhase;
			buildActionMask = 2147483647;
			files = (
				8D15AC320486D014006FF6A4 /* main.m in Sources */,
				8CB2094E0D0507F5003A90A6 /* Drive.m in Sources */,
				8CB209750D050EE9003A90A6 /* DriveInformation.m in Sources */,
				8CF322070D1883E1005657A6 /* ExtractionConfigurationSheetController.m in Sources */,
				8CB2A6B70D2C15530028332F /* AquaticPrime.m in Sources */,
				8CA8BAAF0D304F9B006B4779 /* CompactDiscWindowController.m in Sources */,
				8C807ABF0D3F069300B48E7A /* Rip.xcdatamodel in Sources */,
				8C1BBC650D43DF0D00DAC484 /* GenreUtilities.m in Sources */,
				8C4C8AE70D5BCADA00DC0279 /* KBPopUpToolbarItem.m in Sources */,
				8C4C8B750D5C1DA700DC0279 /* ByteSizeValueTransformer.m in Sources */,
				8C4C8B820D5C1DE600DC0279 /* AlbumMetadata.m in Sources */,
				8C4C8B830D5C1DE600DC0279 /* CompactDisc.m in Sources */,
				8C4C8B840D5C1DE600DC0279 /* SectorRange.m in Sources */,
				8C4C8B850D5C1DE600DC0279 /* SessionDescriptor.m in Sources */,
				8C4C8B860D5C1DE600DC0279 /* TrackDescriptor.m in Sources */,
				8C4C8B870D5C1DE600DC0279 /* TrackMetadata.m in Sources */,
				8C4C8B900D5C1DF300DC0279 /* ByteSizeFormatter.m in Sources */,
				8C4C8B910D5C1DF300DC0279 /* CDMSFFormatter.m in Sources */,
				8C4C8B920D5C1DF300DC0279 /* DurationFormatter.m in Sources */,
				8C4C8B930D5C1DF300DC0279 /* YesNoFormatter.m in Sources */,
				8C4C8BA10D5C1E0800DC0279 /* CDDAUtilities.m in Sources */,
				8C4C8BA30D5C1E0800DC0279 /* ExternalCodecEncodeOperation.m in Sources */,
				8C4C8BA50D5C1E0800DC0279 /* PreGapDetectionOperation.m in Sources */,
				8C4C8BAA0D5C1E1D00DC0279 /* DriveInspectorPanelController.m in Sources */,
				8C4C8BAB0D5C1E1D00DC0279 /* TrackInspectorPanelController.m in Sources */,
				8C4C8BC40D5C1EA300DC0279 /* DurationValueTransformer.m in Sources */,
				8C4C8CB90D5D1A3100DC0279 /* AccurateRipDiscRecord.m in Sources */,
				8C4C8CBA0D5D1A3100DC0279 /* AccurateRipQueryOperation.m in Sources */,
				8C4C8CBB0D5D1A3100DC0279 /* AccurateRipTrackRecord.m in Sources */,
				8C4C8CBC0D5D1A3100DC0279 /* AccurateRipUtilities.m in Sources */,
				8C4C8CCF0D5D66A800DC0279 /* MusicDatabaseQueryOperation.m in Sources */,
				8C4C8CD80D5D673800DC0279 /* FreeDBQueryOperation.m in Sources */,
				8C4C8CD90D5D673800DC0279 /* iTunesQueryOperation.m in Sources */,
				8C4C8CDA0D5D673800DC0279 /* MusicBrainzQueryOperation.mm in Sources */,
				8C4C8CEF0D5D699C00DC0279 /* MusicDatabaseMatchesSheetController.m in Sources */,
				8C4C8E020D5E2A0600DC0279 /* BitArray.m in Sources */,
				8C4C8E030D5E2A0600DC0279 /* ExtractionOperation.m in Sources */,
				8C4C8E080D5E2ADB00DC0279 /* ExtractionRecord.m in Sources */,
				8C4C8E0C0D5E2BB900DC0279 /* ExtractedTrackRecord.m in Sources */,
				8C8EFBA50D6E7AC1009E9299 /* ISRCDetectionOperation.m in Sources */,
				8C8EFBCA0D6E7C21009E9299 /* MCNDetectionOperation.m in Sources */,
				8C8EFC400D706471009E9299 /* AlbumArtwork.m in Sources */,
				8C34BB0B0D761A99003F2953 /* ApplicationDelegate.m in Sources */,
				8C34BB0E0D761AB7003F2953 /* PlugInManager.m in Sources */,
			);
			runOnlyForDeploymentPostprocessing = 0;
		};
/* End PBXSourcesBuildPhase section */

/* Begin PBXTargetDependency section */
		8C3C19490D73EA21001BAC88 /* PBXTargetDependency */ = {
			isa = PBXTargetDependency;
			name = EncoderInterface;
			targetProxy = 8C3C19480D73EA21001BAC88 /* PBXContainerItemProxy */;
		};
		8C3C198A0D73EC08001BAC88 /* PBXTargetDependency */ = {
			isa = PBXTargetDependency;
			name = CoreAudio;
			targetProxy = 8C3C19890D73EC08001BAC88 /* PBXContainerItemProxy */;
		};
/* End PBXTargetDependency section */

/* Begin PBXVariantGroup section */
		089C165FFE840EACC02AAC07 /* InfoPlist.strings */ = {
			isa = PBXVariantGroup;
			children = (
				089C1660FE840EACC02AAC07 /* English */,
			);
			name = InfoPlist.strings;
			sourceTree = "<group>";
		};
		2A37F4B9FDCFA73011CA2CEA /* Credits.rtf */ = {
			isa = PBXVariantGroup;
			children = (
				2A37F4BAFDCFA73011CA2CEA /* English */,
			);
			name = Credits.rtf;
			sourceTree = "<group>";
		};
		8C3EFC620D0357D10086181E /* TrackInspectorPanel.xib */ = {
			isa = PBXVariantGroup;
			children = (
				8C3EFC630D0357D10086181E /* English */,
			);
			name = TrackInspectorPanel.xib;
			sourceTree = "<group>";
		};
		8C7D31480D05235200CEEE44 /* DriveInspectorPanel.xib */ = {
			isa = PBXVariantGroup;
			children = (
				8C7D31490D05235200CEEE44 /* English */,
			);
			name = DriveInspectorPanel.xib;
			sourceTree = "<group>";
		};
		8C98170C0CF7C6AB00F45B7F /* MainMenu.xib */ = {
			isa = PBXVariantGroup;
			children = (
				8C98170D0CF7C6AB00F45B7F /* English */,
			);
			name = MainMenu.xib;
			sourceTree = "<group>";
		};
		8CA35EDD0D2F0AA100F89E3B /* MusicDatabaseMatchesSheet.xib */ = {
			isa = PBXVariantGroup;
			children = (
				8CA35EDE0D2F0AA100F89E3B /* English */,
			);
			name = MusicDatabaseMatchesSheet.xib;
			sourceTree = "<group>";
		};
		8CA8BAB60D30503C006B4779 /* CompactDisc.xib */ = {
			isa = PBXVariantGroup;
			children = (
				8CA8BAB70D30503C006B4779 /* English */,
			);
			name = CompactDisc.xib;
			sourceTree = "<group>";
		};
		8CF3220F0D18842B005657A6 /* ExtractionConfigurationSheet.xib */ = {
			isa = PBXVariantGroup;
			children = (
				8CF322100D18842B005657A6 /* English */,
			);
			name = ExtractionConfigurationSheet.xib;
			sourceTree = "<group>";
		};
/* End PBXVariantGroup section */

/* Begin XCBuildConfiguration section */
		C05733C808A9546B00998B17 /* Debug */ = {
			isa = XCBuildConfiguration;
			buildSettings = {
				COPY_PHASE_STRIP = NO;
				FRAMEWORK_SEARCH_PATHS = (
					"$(inherited)",
					"\"$(SRCROOT)/Frameworks\"",
				);
				GCC_DYNAMIC_NO_PIC = NO;
				GCC_ENABLE_FIX_AND_CONTINUE = YES;
				GCC_MODEL_TUNING = G5;
				GCC_OPTIMIZATION_LEVEL = 0;
				GCC_PRECOMPILE_PREFIX_HEADER = YES;
				GCC_PREFIX_HEADER = Rip_Prefix.pch;
				GCC_PREPROCESSOR_DEFINITIONS = "DEBUG=1";
				GCC_WARN_UNINITIALIZED_AUTOS = NO;
				INFOPLIST_FILE = Info.plist;
				INSTALL_PATH = "$(HOME)/Applications";
				OTHER_LDFLAGS = "-lcrypto";
				PRODUCT_NAME = Rip;
				WRAPPER_EXTENSION = app;
				ZERO_LINK = YES;
			};
			name = Debug;
		};
		C05733C908A9546B00998B17 /* Release */ = {
			isa = XCBuildConfiguration;
			buildSettings = {
				DEBUG_INFORMATION_FORMAT = "dwarf-with-dsym";
				FRAMEWORK_SEARCH_PATHS = (
					"$(inherited)",
					"\"$(SRCROOT)/Frameworks\"",
				);
				GCC_MODEL_TUNING = G5;
				GCC_PRECOMPILE_PREFIX_HEADER = YES;
				GCC_PREFIX_HEADER = Rip_Prefix.pch;
				INFOPLIST_FILE = Info.plist;
				INSTALL_PATH = "$(HOME)/Applications";
				OTHER_LDFLAGS = "-lcrypto";
				PRODUCT_NAME = Rip;
				WRAPPER_EXTENSION = app;
			};
			name = Release;
		};
		C05733CC08A9546B00998B17 /* Debug */ = {
			isa = XCBuildConfiguration;
			buildSettings = {
				GCC_ENABLE_OBJC_GC = required;
				GCC_TREAT_IMPLICIT_FUNCTION_DECLARATIONS_AS_ERRORS = YES;
				GCC_WARN_64_TO_32_BIT_CONVERSION = YES;
				GCC_WARN_ABOUT_MISSING_NEWLINE = YES;
				GCC_WARN_ABOUT_MISSING_PROTOTYPES = YES;
				GCC_WARN_ABOUT_RETURN_TYPE = YES;
				GCC_WARN_CHECK_SWITCH_STATEMENTS = YES;
				GCC_WARN_FOUR_CHARACTER_CONSTANTS = YES;
				GCC_WARN_HIDDEN_VIRTUAL_FUNCTIONS = YES;
				GCC_WARN_INITIALIZER_NOT_FULLY_BRACKETED = YES;
				GCC_WARN_MISSING_PARENTHESES = YES;
				GCC_WARN_NON_VIRTUAL_DESTRUCTOR = YES;
				GCC_WARN_SHADOW = YES;
				GCC_WARN_SIGN_COMPARE = YES;
				GCC_WARN_TYPECHECK_CALLS_TO_PRINTF = YES;
				GCC_WARN_UNINITIALIZED_AUTOS = YES;
				GCC_WARN_UNKNOWN_PRAGMAS = YES;
				GCC_WARN_UNUSED_FUNCTION = YES;
				GCC_WARN_UNUSED_LABEL = YES;
				GCC_WARN_UNUSED_PARAMETER = YES;
				GCC_WARN_UNUSED_VALUE = YES;
				GCC_WARN_UNUSED_VARIABLE = YES;
				PREBINDING = NO;
				SDKROOT = "$(DEVELOPER_SDK_DIR)/MacOSX10.5.sdk";
			};
			name = Debug;
		};
		C05733CD08A9546B00998B17 /* Release */ = {
			isa = XCBuildConfiguration;
			buildSettings = {
				ARCHS = (
					ppc,
					i386,
				);
				GCC_ENABLE_OBJC_GC = required;
				GCC_TREAT_IMPLICIT_FUNCTION_DECLARATIONS_AS_ERRORS = YES;
				GCC_WARN_64_TO_32_BIT_CONVERSION = YES;
				GCC_WARN_ABOUT_MISSING_NEWLINE = YES;
				GCC_WARN_ABOUT_MISSING_PROTOTYPES = YES;
				GCC_WARN_ABOUT_RETURN_TYPE = YES;
				GCC_WARN_CHECK_SWITCH_STATEMENTS = YES;
				GCC_WARN_FOUR_CHARACTER_CONSTANTS = YES;
				GCC_WARN_HIDDEN_VIRTUAL_FUNCTIONS = YES;
				GCC_WARN_INITIALIZER_NOT_FULLY_BRACKETED = YES;
				GCC_WARN_MISSING_PARENTHESES = YES;
				GCC_WARN_NON_VIRTUAL_DESTRUCTOR = YES;
				GCC_WARN_SHADOW = YES;
				GCC_WARN_SIGN_COMPARE = YES;
				GCC_WARN_TYPECHECK_CALLS_TO_PRINTF = YES;
				GCC_WARN_UNINITIALIZED_AUTOS = YES;
				GCC_WARN_UNKNOWN_PRAGMAS = YES;
				GCC_WARN_UNUSED_FUNCTION = YES;
				GCC_WARN_UNUSED_LABEL = YES;
				GCC_WARN_UNUSED_PARAMETER = YES;
				GCC_WARN_UNUSED_VALUE = YES;
				GCC_WARN_UNUSED_VARIABLE = YES;
				PREBINDING = NO;
				SDKROOT = "$(DEVELOPER_SDK_DIR)/MacOSX10.5.sdk";
			};
			name = Release;
		};
/* End XCBuildConfiguration section */

/* Begin XCConfigurationList section */
		C05733C708A9546B00998B17 /* Build configuration list for PBXNativeTarget "Rip" */ = {
			isa = XCConfigurationList;
			buildConfigurations = (
				C05733C808A9546B00998B17 /* Debug */,
				C05733C908A9546B00998B17 /* Release */,
			);
			defaultConfigurationIsVisible = 0;
			defaultConfigurationName = Release;
		};
		C05733CB08A9546B00998B17 /* Build configuration list for PBXProject "Rip" */ = {
			isa = XCConfigurationList;
			buildConfigurations = (
				C05733CC08A9546B00998B17 /* Debug */,
				C05733CD08A9546B00998B17 /* Release */,
			);
			defaultConfigurationIsVisible = 0;
			defaultConfigurationName = Release;
		};
/* End XCConfigurationList section */
	};
	rootObject = 2A37F4A9FDCFA73011CA2CEA /* Project object */;
}
